// !$*UTF8*$!
{
	archiveVersion = 1;
	classes = {
	};
	objectVersion = 45;
	objects = {

/* Begin PBXBuildFile section */
		2290468F12E87585006D8278 /* CoreLocation.framework in Frameworks */ = {isa = PBXBuildFile; fileRef = 2290468E12E87585006D8278 /* CoreLocation.framework */; settings = {ATTRIBUTES = (Weak, ); }; };
		22F08CA215E56A34003E8456 /* IOSDebug.xcconfig in Resources */ = {isa = PBXBuildFile; fileRef = 22F08C6A15E56A34003E8456 /* IOSDebug.xcconfig */; };
		22F08CA315E56A34003E8456 /* IOSRelease.xcconfig in Resources */ = {isa = PBXBuildFile; fileRef = 22F08C6B15E56A34003E8456 /* IOSRelease.xcconfig */; };
		22F08CA415E56A34003E8456 /* IOSUnitTestDebug.xcconfig in Resources */ = {isa = PBXBuildFile; fileRef = 22F08C6C15E56A34003E8456 /* IOSUnitTestDebug.xcconfig */; };
		22F08CA515E56A34003E8456 /* IOSUnitTestRelease.xcconfig in Resources */ = {isa = PBXBuildFile; fileRef = 22F08C6D15E56A34003E8456 /* IOSUnitTestRelease.xcconfig */; };
		22F08CA615E56A34003E8456 /* MacDebug.xcconfig in Resources */ = {isa = PBXBuildFile; fileRef = 22F08C6E15E56A34003E8456 /* MacDebug.xcconfig */; };
		22F08CA715E56A34003E8456 /* MacRelease.xcconfig in Resources */ = {isa = PBXBuildFile; fileRef = 22F08C6F15E56A34003E8456 /* MacRelease.xcconfig */; };
		22F08CA815E56A34003E8456 /* MacUnitTestDebug.xcconfig in Resources */ = {isa = PBXBuildFile; fileRef = 22F08C7015E56A34003E8456 /* MacUnitTestDebug.xcconfig */; };
		22F08CA915E56A34003E8456 /* MacUnitTestRelease.xcconfig in Resources */ = {isa = PBXBuildFile; fileRef = 22F08C7115E56A34003E8456 /* MacUnitTestRelease.xcconfig */; };
		22F08CAA15E56A35003E8456 /* Shared.xcconfig in Resources */ = {isa = PBXBuildFile; fileRef = 22F08C7215E56A34003E8456 /* Shared.xcconfig */; };
		22F08CAB15E56A35003E8456 /* ECTwitterAuthentication.h in Headers */ = {isa = PBXBuildFile; fileRef = 22F08C7415E56A34003E8456 /* ECTwitterAuthentication.h */; settings = {ATTRIBUTES = (Public, ); }; };
		22F08CAD15E56A35003E8456 /* ECTwitterAuthentication.m in Sources */ = {isa = PBXBuildFile; fileRef = 22F08C7515E56A34003E8456 /* ECTwitterAuthentication.m */; };
		22F08CAF15E56A35003E8456 /* ECTwitterCache.h in Headers */ = {isa = PBXBuildFile; fileRef = 22F08C7615E56A34003E8456 /* ECTwitterCache.h */; settings = {ATTRIBUTES = (Public, ); }; };
		22F08CB115E56A35003E8456 /* ECTwitterCache.m in Sources */ = {isa = PBXBuildFile; fileRef = 22F08C7715E56A34003E8456 /* ECTwitterCache.m */; };
		22F08CB315E56A35003E8456 /* ECTwitterCachedObject.h in Headers */ = {isa = PBXBuildFile; fileRef = 22F08C7815E56A34003E8456 /* ECTwitterCachedObject.h */; settings = {ATTRIBUTES = (Public, ); }; };
		22F08CB515E56A35003E8456 /* ECTwitterCachedObject.m in Sources */ = {isa = PBXBuildFile; fileRef = 22F08C7915E56A34003E8456 /* ECTwitterCachedObject.m */; };
		22F08CB715E56A35003E8456 /* ECTwitterConnection.h in Headers */ = {isa = PBXBuildFile; fileRef = 22F08C7A15E56A34003E8456 /* ECTwitterConnection.h */; settings = {ATTRIBUTES = (Public, ); }; };
		22F08CB915E56A35003E8456 /* ECTwitterConnection.m in Sources */ = {isa = PBXBuildFile; fileRef = 22F08C7B15E56A34003E8456 /* ECTwitterConnection.m */; };
		22F08CBB15E56A35003E8456 /* ECTwitterEngine.h in Headers */ = {isa = PBXBuildFile; fileRef = 22F08C7C15E56A34003E8456 /* ECTwitterEngine.h */; settings = {ATTRIBUTES = (Public, ); }; };
		22F08CBD15E56A35003E8456 /* ECTwitterEngine.m in Sources */ = {isa = PBXBuildFile; fileRef = 22F08C7D15E56A34003E8456 /* ECTwitterEngine.m */; };
		22F08CBF15E56A35003E8456 /* ECTwitterHandler.h in Headers */ = {isa = PBXBuildFile; fileRef = 22F08C7E15E56A34003E8456 /* ECTwitterHandler.h */; settings = {ATTRIBUTES = (Public, ); }; };
		22F08CC115E56A35003E8456 /* ECTwitterHandler.m in Sources */ = {isa = PBXBuildFile; fileRef = 22F08C7F15E56A34003E8456 /* ECTwitterHandler.m */; };
		22F08CC315E56A35003E8456 /* ECTwitterID.h in Headers */ = {isa = PBXBuildFile; fileRef = 22F08C8015E56A34003E8456 /* ECTwitterID.h */; settings = {ATTRIBUTES = (Public, ); }; };
		22F08CC515E56A35003E8456 /* ECTwitterID.m in Sources */ = {isa = PBXBuildFile; fileRef = 22F08C8115E56A34003E8456 /* ECTwitterID.m */; };
		22F08CC715E56A35003E8456 /* ECTwitterParser.h in Headers */ = {isa = PBXBuildFile; fileRef = 22F08C8215E56A34003E8456 /* ECTwitterParser.h */; settings = {ATTRIBUTES = (Public, ); }; };
		22F08CC915E56A35003E8456 /* ECTwitterParser.m in Sources */ = {isa = PBXBuildFile; fileRef = 22F08C8315E56A34003E8456 /* ECTwitterParser.m */; };
		22F08CCB15E56A35003E8456 /* ECTwitterPlace.h in Headers */ = {isa = PBXBuildFile; fileRef = 22F08C8415E56A34003E8456 /* ECTwitterPlace.h */; settings = {ATTRIBUTES = (Public, ); }; };
		22F08CCD15E56A35003E8456 /* ECTwitterPlace.m in Sources */ = {isa = PBXBuildFile; fileRef = 22F08C8515E56A34003E8456 /* ECTwitterPlace.m */; };
		22F08CCF15E56A35003E8456 /* ECTwitterSearchTimeline.h in Headers */ = {isa = PBXBuildFile; fileRef = 22F08C8615E56A34003E8456 /* ECTwitterSearchTimeline.h */; settings = {ATTRIBUTES = (Public, ); }; };
		22F08CD115E56A35003E8456 /* ECTwitterSearchTimeline.m in Sources */ = {isa = PBXBuildFile; fileRef = 22F08C8715E56A34003E8456 /* ECTwitterSearchTimeline.m */; };
		22F08CD315E56A35003E8456 /* ECTwitterTimeline.h in Headers */ = {isa = PBXBuildFile; fileRef = 22F08C8815E56A34003E8456 /* ECTwitterTimeline.h */; settings = {ATTRIBUTES = (Public, ); }; };
		22F08CD515E56A35003E8456 /* ECTwitterTimeline.m in Sources */ = {isa = PBXBuildFile; fileRef = 22F08C8915E56A34003E8456 /* ECTwitterTimeline.m */; };
		22F08CD715E56A35003E8456 /* ECTwitterTweet.h in Headers */ = {isa = PBXBuildFile; fileRef = 22F08C8A15E56A34003E8456 /* ECTwitterTweet.h */; settings = {ATTRIBUTES = (Public, ); }; };
		22F08CD915E56A35003E8456 /* ECTwitterTweet.m in Sources */ = {isa = PBXBuildFile; fileRef = 22F08C8B15E56A34003E8456 /* ECTwitterTweet.m */; };
		22F08CDB15E56A35003E8456 /* ECTwitterUser.h in Headers */ = {isa = PBXBuildFile; fileRef = 22F08C8C15E56A34003E8456 /* ECTwitterUser.h */; settings = {ATTRIBUTES = (Public, ); }; };
		22F08CDD15E56A35003E8456 /* ECTwitterUser.m in Sources */ = {isa = PBXBuildFile; fileRef = 22F08C8D15E56A34003E8456 /* ECTwitterUser.m */; };
		22F08CDF15E56A35003E8456 /* ECTwitterUserList.h in Headers */ = {isa = PBXBuildFile; fileRef = 22F08C8E15E56A34003E8456 /* ECTwitterUserList.h */; settings = {ATTRIBUTES = (Public, ); }; };
		22F08CE115E56A35003E8456 /* ECTwitterUserList.m in Sources */ = {isa = PBXBuildFile; fileRef = 22F08C8F15E56A34003E8456 /* ECTwitterUserList.m */; };
		22F08CE315E56A35003E8456 /* ECTwitterUserMentionsTimeline.h in Headers */ = {isa = PBXBuildFile; fileRef = 22F08C9015E56A34003E8456 /* ECTwitterUserMentionsTimeline.h */; settings = {ATTRIBUTES = (Public, ); }; };
		22F08CE515E56A35003E8456 /* ECTwitterUserMentionsTimeline.m in Sources */ = {isa = PBXBuildFile; fileRef = 22F08C9115E56A34003E8456 /* ECTwitterUserMentionsTimeline.m */; };
		22F08CE715E56A35003E8456 /* ECTwitterUserTimeline.h in Headers */ = {isa = PBXBuildFile; fileRef = 22F08C9215E56A34003E8456 /* ECTwitterUserTimeline.h */; settings = {ATTRIBUTES = (Public, ); }; };
		22F08CE915E56A35003E8456 /* ECTwitterUserTimeline.m in Sources */ = {isa = PBXBuildFile; fileRef = 22F08C9315E56A34003E8456 /* ECTwitterUserTimeline.m */; };
		22F08CEB15E56A35003E8456 /* MGTwitterEngine.h in Headers */ = {isa = PBXBuildFile; fileRef = 22F08C9415E56A34003E8456 /* MGTwitterEngine.h */; settings = {ATTRIBUTES = (); }; };
		22F08CED15E56A35003E8456 /* MGTwitterEngine.m in Sources */ = {isa = PBXBuildFile; fileRef = 22F08C9515E56A34003E8456 /* MGTwitterEngine.m */; };
		22F08CEF15E56A35003E8456 /* MGTwitterEngineDelegate.h in Headers */ = {isa = PBXBuildFile; fileRef = 22F08C9615E56A34003E8456 /* MGTwitterEngineDelegate.h */; settings = {ATTRIBUTES = (Public, ); }; };
		22F08CF115E56A35003E8456 /* ECTwitterDebug.pch in Headers */ = {isa = PBXBuildFile; fileRef = 22F08C9815E56A34003E8456 /* ECTwitterDebug.pch */; settings = {ATTRIBUTES = (Public, ); }; };
		22F08CF315E56A35003E8456 /* ECTwitterRelease.pch in Headers */ = {isa = PBXBuildFile; fileRef = 22F08C9915E56A34003E8456 /* ECTwitterRelease.pch */; settings = {ATTRIBUTES = (Public, ); }; };
		22F08CF515E56A35003E8456 /* ECTwitterShared.pch in Headers */ = {isa = PBXBuildFile; fileRef = 22F08C9A15E56A34003E8456 /* ECTwitterShared.pch */; settings = {ATTRIBUTES = (Public, ); }; };
		22F08D0115E56ABE003E8456 /* InfoPlist.strings in Resources */ = {isa = PBXBuildFile; fileRef = 22F08CFE15E56ABE003E8456 /* InfoPlist.strings */; };
		22F08E2715E62DDF003E8456 /* ECTwitterAuthentication.h in Headers */ = {isa = PBXBuildFile; fileRef = 22F08C7415E56A34003E8456 /* ECTwitterAuthentication.h */; settings = {ATTRIBUTES = (Public, ); }; };
		22F08E2815E62DDF003E8456 /* ECTwitterAuthentication.m in Sources */ = {isa = PBXBuildFile; fileRef = 22F08C7515E56A34003E8456 /* ECTwitterAuthentication.m */; };
		22F08E2915E62DDF003E8456 /* ECTwitterCache.h in Headers */ = {isa = PBXBuildFile; fileRef = 22F08C7615E56A34003E8456 /* ECTwitterCache.h */; settings = {ATTRIBUTES = (Public, ); }; };
		22F08E2A15E62DDF003E8456 /* ECTwitterCache.m in Sources */ = {isa = PBXBuildFile; fileRef = 22F08C7715E56A34003E8456 /* ECTwitterCache.m */; };
		22F08E2B15E62DDF003E8456 /* ECTwitterCachedObject.h in Headers */ = {isa = PBXBuildFile; fileRef = 22F08C7815E56A34003E8456 /* ECTwitterCachedObject.h */; settings = {ATTRIBUTES = (Public, ); }; };
		22F08E2C15E62DDF003E8456 /* ECTwitterCachedObject.m in Sources */ = {isa = PBXBuildFile; fileRef = 22F08C7915E56A34003E8456 /* ECTwitterCachedObject.m */; };
		22F08E2D15E62DDF003E8456 /* ECTwitterConnection.h in Headers */ = {isa = PBXBuildFile; fileRef = 22F08C7A15E56A34003E8456 /* ECTwitterConnection.h */; settings = {ATTRIBUTES = (Public, ); }; };
		22F08E2E15E62DDF003E8456 /* ECTwitterConnection.m in Sources */ = {isa = PBXBuildFile; fileRef = 22F08C7B15E56A34003E8456 /* ECTwitterConnection.m */; };
		22F08E2F15E62DDF003E8456 /* ECTwitterEngine.h in Headers */ = {isa = PBXBuildFile; fileRef = 22F08C7C15E56A34003E8456 /* ECTwitterEngine.h */; settings = {ATTRIBUTES = (Public, ); }; };
		22F08E3015E62DDF003E8456 /* ECTwitterEngine.m in Sources */ = {isa = PBXBuildFile; fileRef = 22F08C7D15E56A34003E8456 /* ECTwitterEngine.m */; };
		22F08E3115E62DDF003E8456 /* ECTwitterHandler.h in Headers */ = {isa = PBXBuildFile; fileRef = 22F08C7E15E56A34003E8456 /* ECTwitterHandler.h */; settings = {ATTRIBUTES = (Public, ); }; };
		22F08E3215E62DDF003E8456 /* ECTwitterHandler.m in Sources */ = {isa = PBXBuildFile; fileRef = 22F08C7F15E56A34003E8456 /* ECTwitterHandler.m */; };
		22F08E3315E62DDF003E8456 /* ECTwitterID.h in Headers */ = {isa = PBXBuildFile; fileRef = 22F08C8015E56A34003E8456 /* ECTwitterID.h */; settings = {ATTRIBUTES = (Public, ); }; };
		22F08E3415E62DDF003E8456 /* ECTwitterID.m in Sources */ = {isa = PBXBuildFile; fileRef = 22F08C8115E56A34003E8456 /* ECTwitterID.m */; };
		22F08E3515E62DDF003E8456 /* ECTwitterParser.h in Headers */ = {isa = PBXBuildFile; fileRef = 22F08C8215E56A34003E8456 /* ECTwitterParser.h */; settings = {ATTRIBUTES = (Public, ); }; };
		22F08E3615E62DDF003E8456 /* ECTwitterParser.m in Sources */ = {isa = PBXBuildFile; fileRef = 22F08C8315E56A34003E8456 /* ECTwitterParser.m */; };
		22F08E3715E62DDF003E8456 /* ECTwitterPlace.h in Headers */ = {isa = PBXBuildFile; fileRef = 22F08C8415E56A34003E8456 /* ECTwitterPlace.h */; settings = {ATTRIBUTES = (Public, ); }; };
		22F08E3815E62DDF003E8456 /* ECTwitterPlace.m in Sources */ = {isa = PBXBuildFile; fileRef = 22F08C8515E56A34003E8456 /* ECTwitterPlace.m */; };
		22F08E3915E62DDF003E8456 /* ECTwitterSearchTimeline.h in Headers */ = {isa = PBXBuildFile; fileRef = 22F08C8615E56A34003E8456 /* ECTwitterSearchTimeline.h */; settings = {ATTRIBUTES = (Public, ); }; };
		22F08E3A15E62DDF003E8456 /* ECTwitterSearchTimeline.m in Sources */ = {isa = PBXBuildFile; fileRef = 22F08C8715E56A34003E8456 /* ECTwitterSearchTimeline.m */; };
		22F08E3B15E62DDF003E8456 /* ECTwitterTimeline.h in Headers */ = {isa = PBXBuildFile; fileRef = 22F08C8815E56A34003E8456 /* ECTwitterTimeline.h */; settings = {ATTRIBUTES = (Public, ); }; };
		22F08E3C15E62DDF003E8456 /* ECTwitterTimeline.m in Sources */ = {isa = PBXBuildFile; fileRef = 22F08C8915E56A34003E8456 /* ECTwitterTimeline.m */; };
		22F08E3D15E62DDF003E8456 /* ECTwitterTweet.h in Headers */ = {isa = PBXBuildFile; fileRef = 22F08C8A15E56A34003E8456 /* ECTwitterTweet.h */; settings = {ATTRIBUTES = (Public, ); }; };
		22F08E3E15E62DDF003E8456 /* ECTwitterTweet.m in Sources */ = {isa = PBXBuildFile; fileRef = 22F08C8B15E56A34003E8456 /* ECTwitterTweet.m */; };
		22F08E3F15E62DDF003E8456 /* ECTwitterUser.h in Headers */ = {isa = PBXBuildFile; fileRef = 22F08C8C15E56A34003E8456 /* ECTwitterUser.h */; settings = {ATTRIBUTES = (Public, ); }; };
		22F08E4015E62DDF003E8456 /* ECTwitterUser.m in Sources */ = {isa = PBXBuildFile; fileRef = 22F08C8D15E56A34003E8456 /* ECTwitterUser.m */; };
		22F08E4115E62DDF003E8456 /* ECTwitterUserList.h in Headers */ = {isa = PBXBuildFile; fileRef = 22F08C8E15E56A34003E8456 /* ECTwitterUserList.h */; settings = {ATTRIBUTES = (Public, ); }; };
		22F08E4215E62DDF003E8456 /* ECTwitterUserList.m in Sources */ = {isa = PBXBuildFile; fileRef = 22F08C8F15E56A34003E8456 /* ECTwitterUserList.m */; };
		22F08E4315E62DDF003E8456 /* ECTwitterUserMentionsTimeline.h in Headers */ = {isa = PBXBuildFile; fileRef = 22F08C9015E56A34003E8456 /* ECTwitterUserMentionsTimeline.h */; settings = {ATTRIBUTES = (Public, ); }; };
		22F08E4415E62DDF003E8456 /* ECTwitterUserMentionsTimeline.m in Sources */ = {isa = PBXBuildFile; fileRef = 22F08C9115E56A34003E8456 /* ECTwitterUserMentionsTimeline.m */; };
		22F08E4515E62DDF003E8456 /* ECTwitterUserTimeline.h in Headers */ = {isa = PBXBuildFile; fileRef = 22F08C9215E56A34003E8456 /* ECTwitterUserTimeline.h */; settings = {ATTRIBUTES = (Public, ); }; };
		22F08E4615E62DDF003E8456 /* ECTwitterUserTimeline.m in Sources */ = {isa = PBXBuildFile; fileRef = 22F08C9315E56A34003E8456 /* ECTwitterUserTimeline.m */; };
		22F08E4715E62DDF003E8456 /* MGTwitterEngine.h in Headers */ = {isa = PBXBuildFile; fileRef = 22F08C9415E56A34003E8456 /* MGTwitterEngine.h */; settings = {ATTRIBUTES = (); }; };
		22F08E4815E62DDF003E8456 /* MGTwitterEngine.m in Sources */ = {isa = PBXBuildFile; fileRef = 22F08C9515E56A34003E8456 /* MGTwitterEngine.m */; };
		22F08E4915E62DDF003E8456 /* MGTwitterEngineDelegate.h in Headers */ = {isa = PBXBuildFile; fileRef = 22F08C9615E56A34003E8456 /* MGTwitterEngineDelegate.h */; settings = {ATTRIBUTES = (Public, ); }; };
		22F08E6715E630C9003E8456 /* ECConfig.framework in Frameworks */ = {isa = PBXBuildFile; fileRef = 22F08E5B15E630AB003E8456 /* ECConfig.framework */; };
		22F08E6815E630C9003E8456 /* ECCore.framework in Frameworks */ = {isa = PBXBuildFile; fileRef = 22F08E5C15E630AB003E8456 /* ECCore.framework */; };
		22F08E6915E630C9003E8456 /* ECLogging.framework in Frameworks */ = {isa = PBXBuildFile; fileRef = 22F08E5D15E630AB003E8456 /* ECLogging.framework */; };
		22F08E6A15E630C9003E8456 /* ECOAuthConsumer.framework in Frameworks */ = {isa = PBXBuildFile; fileRef = 22F08E5E15E630AB003E8456 /* ECOAuthConsumer.framework */; };
		22F08E6B15E630C9003E8456 /* ECRegexKitLite.framework in Frameworks */ = {isa = PBXBuildFile; fileRef = 22F08E5F15E630AB003E8456 /* ECRegexKitLite.framework */; };
		22F08E6C15E630C9003E8456 /* YAJL.framework in Frameworks */ = {isa = PBXBuildFile; fileRef = 22F08E6015E630AB003E8456 /* YAJL.framework */; };
		22F08E7015E63228003E8456 /* ECTwitterImage.h in Headers */ = {isa = PBXBuildFile; fileRef = 22F08E6E15E63228003E8456 /* ECTwitterImage.h */; settings = {ATTRIBUTES = (Public, ); }; };
		22F08E7115E63228003E8456 /* ECTwitterImage.h in Headers */ = {isa = PBXBuildFile; fileRef = 22F08E6E15E63228003E8456 /* ECTwitterImage.h */; settings = {ATTRIBUTES = (Public, ); }; };
		22F08E7215E63228003E8456 /* ECTwitterImage.m in Sources */ = {isa = PBXBuildFile; fileRef = 22F08E6F15E63228003E8456 /* ECTwitterImage.m */; };
		22F08E7315E63228003E8456 /* ECTwitterImage.m in Sources */ = {isa = PBXBuildFile; fileRef = 22F08E6F15E63228003E8456 /* ECTwitterImage.m */; };
		22F08EAB15E64501003E8456 /* ECTwitter.h in Headers */ = {isa = PBXBuildFile; fileRef = 22F08EAA15E64501003E8456 /* ECTwitter.h */; settings = {ATTRIBUTES = (Public, ); }; };
		22F08EAC15E64501003E8456 /* ECTwitter.h in Headers */ = {isa = PBXBuildFile; fileRef = 22F08EAA15E64501003E8456 /* ECTwitter.h */; settings = {ATTRIBUTES = (Public, ); }; };
		8DC2EF570486A6940098B216 /* Cocoa.framework in Frameworks */ = {isa = PBXBuildFile; fileRef = 1058C7B1FEA5585E11CA2CBB /* Cocoa.framework */; };
/* End PBXBuildFile section */

/* Begin PBXFileReference section */
		0867D69BFE84028FC02AAC07 /* Foundation.framework */ = {isa = PBXFileReference; lastKnownFileType = wrapper.framework; name = Foundation.framework; path = /System/Library/Frameworks/Foundation.framework; sourceTree = "<absolute>"; };
		1058C7B1FEA5585E11CA2CBB /* Cocoa.framework */ = {isa = PBXFileReference; lastKnownFileType = wrapper.framework; name = Cocoa.framework; path = /System/Library/Frameworks/Cocoa.framework; sourceTree = "<absolute>"; };
		223CBAE61205C6380008A641 /* Foundation.framework */ = {isa = PBXFileReference; lastKnownFileType = wrapper.framework; name = Foundation.framework; path = System/Library/Frameworks/Foundation.framework; sourceTree = SDKROOT; };
		2290468E12E87585006D8278 /* CoreLocation.framework */ = {isa = PBXFileReference; lastKnownFileType = wrapper.framework; name = CoreLocation.framework; path = /System/Library/Frameworks/CoreLocation.framework; sourceTree = "<absolute>"; };
		22BA9D7215E6782400861F75 /* ECTwitterEngineTests.m */ = {isa = PBXFileReference; lastKnownFileType = sourcecode.c.objc; path = ECTwitterEngineTests.m; sourceTree = "<group>"; };
		22F08C6A15E56A34003E8456 /* IOSDebug.xcconfig */ = {isa = PBXFileReference; fileEncoding = 4; lastKnownFileType = text.xcconfig; path = IOSDebug.xcconfig; sourceTree = "<group>"; };
		22F08C6B15E56A34003E8456 /* IOSRelease.xcconfig */ = {isa = PBXFileReference; fileEncoding = 4; lastKnownFileType = text.xcconfig; path = IOSRelease.xcconfig; sourceTree = "<group>"; };
		22F08C6C15E56A34003E8456 /* IOSUnitTestDebug.xcconfig */ = {isa = PBXFileReference; fileEncoding = 4; lastKnownFileType = text.xcconfig; path = IOSUnitTestDebug.xcconfig; sourceTree = "<group>"; };
		22F08C6D15E56A34003E8456 /* IOSUnitTestRelease.xcconfig */ = {isa = PBXFileReference; fileEncoding = 4; lastKnownFileType = text.xcconfig; path = IOSUnitTestRelease.xcconfig; sourceTree = "<group>"; };
		22F08C6E15E56A34003E8456 /* MacDebug.xcconfig */ = {isa = PBXFileReference; fileEncoding = 4; lastKnownFileType = text.xcconfig; path = MacDebug.xcconfig; sourceTree = "<group>"; };
		22F08C6F15E56A34003E8456 /* MacRelease.xcconfig */ = {isa = PBXFileReference; fileEncoding = 4; lastKnownFileType = text.xcconfig; path = MacRelease.xcconfig; sourceTree = "<group>"; };
		22F08C7015E56A34003E8456 /* MacUnitTestDebug.xcconfig */ = {isa = PBXFileReference; fileEncoding = 4; lastKnownFileType = text.xcconfig; path = MacUnitTestDebug.xcconfig; sourceTree = "<group>"; };
		22F08C7115E56A34003E8456 /* MacUnitTestRelease.xcconfig */ = {isa = PBXFileReference; fileEncoding = 4; lastKnownFileType = text.xcconfig; path = MacUnitTestRelease.xcconfig; sourceTree = "<group>"; };
		22F08C7215E56A34003E8456 /* Shared.xcconfig */ = {isa = PBXFileReference; fileEncoding = 4; lastKnownFileType = text.xcconfig; path = Shared.xcconfig; sourceTree = "<group>"; };
		22F08C7415E56A34003E8456 /* ECTwitterAuthentication.h */ = {isa = PBXFileReference; fileEncoding = 4; lastKnownFileType = sourcecode.c.h; path = ECTwitterAuthentication.h; sourceTree = "<group>"; };
		22F08C7515E56A34003E8456 /* ECTwitterAuthentication.m */ = {isa = PBXFileReference; fileEncoding = 4; lastKnownFileType = sourcecode.c.objc; path = ECTwitterAuthentication.m; sourceTree = "<group>"; };
		22F08C7615E56A34003E8456 /* ECTwitterCache.h */ = {isa = PBXFileReference; fileEncoding = 4; lastKnownFileType = sourcecode.c.h; path = ECTwitterCache.h; sourceTree = "<group>"; };
		22F08C7715E56A34003E8456 /* ECTwitterCache.m */ = {isa = PBXFileReference; fileEncoding = 4; lastKnownFileType = sourcecode.c.objc; path = ECTwitterCache.m; sourceTree = "<group>"; };
		22F08C7815E56A34003E8456 /* ECTwitterCachedObject.h */ = {isa = PBXFileReference; fileEncoding = 4; lastKnownFileType = sourcecode.c.h; path = ECTwitterCachedObject.h; sourceTree = "<group>"; };
		22F08C7915E56A34003E8456 /* ECTwitterCachedObject.m */ = {isa = PBXFileReference; fileEncoding = 4; lastKnownFileType = sourcecode.c.objc; path = ECTwitterCachedObject.m; sourceTree = "<group>"; };
		22F08C7A15E56A34003E8456 /* ECTwitterConnection.h */ = {isa = PBXFileReference; fileEncoding = 4; lastKnownFileType = sourcecode.c.h; path = ECTwitterConnection.h; sourceTree = "<group>"; };
		22F08C7B15E56A34003E8456 /* ECTwitterConnection.m */ = {isa = PBXFileReference; fileEncoding = 4; lastKnownFileType = sourcecode.c.objc; path = ECTwitterConnection.m; sourceTree = "<group>"; };
		22F08C7C15E56A34003E8456 /* ECTwitterEngine.h */ = {isa = PBXFileReference; fileEncoding = 4; lastKnownFileType = sourcecode.c.h; path = ECTwitterEngine.h; sourceTree = "<group>"; };
		22F08C7D15E56A34003E8456 /* ECTwitterEngine.m */ = {isa = PBXFileReference; fileEncoding = 4; lastKnownFileType = sourcecode.c.objc; path = ECTwitterEngine.m; sourceTree = "<group>"; };
		22F08C7E15E56A34003E8456 /* ECTwitterHandler.h */ = {isa = PBXFileReference; fileEncoding = 4; lastKnownFileType = sourcecode.c.h; path = ECTwitterHandler.h; sourceTree = "<group>"; };
		22F08C7F15E56A34003E8456 /* ECTwitterHandler.m */ = {isa = PBXFileReference; fileEncoding = 4; lastKnownFileType = sourcecode.c.objc; path = ECTwitterHandler.m; sourceTree = "<group>"; };
		22F08C8015E56A34003E8456 /* ECTwitterID.h */ = {isa = PBXFileReference; fileEncoding = 4; lastKnownFileType = sourcecode.c.h; path = ECTwitterID.h; sourceTree = "<group>"; };
		22F08C8115E56A34003E8456 /* ECTwitterID.m */ = {isa = PBXFileReference; fileEncoding = 4; lastKnownFileType = sourcecode.c.objc; path = ECTwitterID.m; sourceTree = "<group>"; };
		22F08C8215E56A34003E8456 /* ECTwitterParser.h */ = {isa = PBXFileReference; fileEncoding = 4; lastKnownFileType = sourcecode.c.h; path = ECTwitterParser.h; sourceTree = "<group>"; };
		22F08C8315E56A34003E8456 /* ECTwitterParser.m */ = {isa = PBXFileReference; fileEncoding = 4; lastKnownFileType = sourcecode.c.objc; path = ECTwitterParser.m; sourceTree = "<group>"; };
		22F08C8415E56A34003E8456 /* ECTwitterPlace.h */ = {isa = PBXFileReference; fileEncoding = 4; lastKnownFileType = sourcecode.c.h; path = ECTwitterPlace.h; sourceTree = "<group>"; };
		22F08C8515E56A34003E8456 /* ECTwitterPlace.m */ = {isa = PBXFileReference; fileEncoding = 4; lastKnownFileType = sourcecode.c.objc; path = ECTwitterPlace.m; sourceTree = "<group>"; };
		22F08C8615E56A34003E8456 /* ECTwitterSearchTimeline.h */ = {isa = PBXFileReference; fileEncoding = 4; lastKnownFileType = sourcecode.c.h; path = ECTwitterSearchTimeline.h; sourceTree = "<group>"; };
		22F08C8715E56A34003E8456 /* ECTwitterSearchTimeline.m */ = {isa = PBXFileReference; fileEncoding = 4; lastKnownFileType = sourcecode.c.objc; path = ECTwitterSearchTimeline.m; sourceTree = "<group>"; };
		22F08C8815E56A34003E8456 /* ECTwitterTimeline.h */ = {isa = PBXFileReference; fileEncoding = 4; lastKnownFileType = sourcecode.c.h; path = ECTwitterTimeline.h; sourceTree = "<group>"; };
		22F08C8915E56A34003E8456 /* ECTwitterTimeline.m */ = {isa = PBXFileReference; fileEncoding = 4; lastKnownFileType = sourcecode.c.objc; path = ECTwitterTimeline.m; sourceTree = "<group>"; };
		22F08C8A15E56A34003E8456 /* ECTwitterTweet.h */ = {isa = PBXFileReference; fileEncoding = 4; lastKnownFileType = sourcecode.c.h; path = ECTwitterTweet.h; sourceTree = "<group>"; };
		22F08C8B15E56A34003E8456 /* ECTwitterTweet.m */ = {isa = PBXFileReference; fileEncoding = 4; lastKnownFileType = sourcecode.c.objc; path = ECTwitterTweet.m; sourceTree = "<group>"; };
		22F08C8C15E56A34003E8456 /* ECTwitterUser.h */ = {isa = PBXFileReference; fileEncoding = 4; lastKnownFileType = sourcecode.c.h; path = ECTwitterUser.h; sourceTree = "<group>"; };
		22F08C8D15E56A34003E8456 /* ECTwitterUser.m */ = {isa = PBXFileReference; fileEncoding = 4; lastKnownFileType = sourcecode.c.objc; path = ECTwitterUser.m; sourceTree = "<group>"; };
		22F08C8E15E56A34003E8456 /* ECTwitterUserList.h */ = {isa = PBXFileReference; fileEncoding = 4; lastKnownFileType = sourcecode.c.h; path = ECTwitterUserList.h; sourceTree = "<group>"; };
		22F08C8F15E56A34003E8456 /* ECTwitterUserList.m */ = {isa = PBXFileReference; fileEncoding = 4; lastKnownFileType = sourcecode.c.objc; path = ECTwitterUserList.m; sourceTree = "<group>"; };
		22F08C9015E56A34003E8456 /* ECTwitterUserMentionsTimeline.h */ = {isa = PBXFileReference; fileEncoding = 4; lastKnownFileType = sourcecode.c.h; path = ECTwitterUserMentionsTimeline.h; sourceTree = "<group>"; };
		22F08C9115E56A34003E8456 /* ECTwitterUserMentionsTimeline.m */ = {isa = PBXFileReference; fileEncoding = 4; lastKnownFileType = sourcecode.c.objc; path = ECTwitterUserMentionsTimeline.m; sourceTree = "<group>"; };
		22F08C9215E56A34003E8456 /* ECTwitterUserTimeline.h */ = {isa = PBXFileReference; fileEncoding = 4; lastKnownFileType = sourcecode.c.h; path = ECTwitterUserTimeline.h; sourceTree = "<group>"; };
		22F08C9315E56A34003E8456 /* ECTwitterUserTimeline.m */ = {isa = PBXFileReference; fileEncoding = 4; lastKnownFileType = sourcecode.c.objc; path = ECTwitterUserTimeline.m; sourceTree = "<group>"; };
		22F08C9415E56A34003E8456 /* MGTwitterEngine.h */ = {isa = PBXFileReference; fileEncoding = 4; lastKnownFileType = sourcecode.c.h; path = MGTwitterEngine.h; sourceTree = "<group>"; };
		22F08C9515E56A34003E8456 /* MGTwitterEngine.m */ = {isa = PBXFileReference; fileEncoding = 4; lastKnownFileType = sourcecode.c.objc; path = MGTwitterEngine.m; sourceTree = "<group>"; };
		22F08C9615E56A34003E8456 /* MGTwitterEngineDelegate.h */ = {isa = PBXFileReference; fileEncoding = 4; lastKnownFileType = sourcecode.c.h; path = MGTwitterEngineDelegate.h; sourceTree = "<group>"; };
		22F08C9815E56A34003E8456 /* ECTwitterDebug.pch */ = {isa = PBXFileReference; fileEncoding = 4; lastKnownFileType = sourcecode.c.h; path = ECTwitterDebug.pch; sourceTree = "<group>"; };
		22F08C9915E56A34003E8456 /* ECTwitterRelease.pch */ = {isa = PBXFileReference; fileEncoding = 4; lastKnownFileType = sourcecode.c.h; path = ECTwitterRelease.pch; sourceTree = "<group>"; };
		22F08C9A15E56A34003E8456 /* ECTwitterShared.pch */ = {isa = PBXFileReference; fileEncoding = 4; lastKnownFileType = sourcecode.c.h; path = ECTwitterShared.pch; sourceTree = "<group>"; };
		22F08CFF15E56ABE003E8456 /* en */ = {isa = PBXFileReference; lastKnownFileType = text.plist.strings; name = en; path = en.lproj/InfoPlist.strings; sourceTree = "<group>"; };
		22F08D0015E56ABE003E8456 /* Info.plist */ = {isa = PBXFileReference; fileEncoding = 4; lastKnownFileType = text.plist.xml; path = Info.plist; sourceTree = "<group>"; };
		22F08E1815E62D04003E8456 /* ECTwitter.framework */ = {isa = PBXFileReference; explicitFileType = wrapper.cfbundle; includeInIndex = 0; path = ECTwitter.framework; sourceTree = BUILT_PRODUCTS_DIR; };
		22F08E1915E62D04003E8456 /* CoreFoundation.framework */ = {isa = PBXFileReference; lastKnownFileType = wrapper.framework; name = CoreFoundation.framework; path = System/Library/Frameworks/CoreFoundation.framework; sourceTree = SDKROOT; };
		22F08E5B15E630AB003E8456 /* ECConfig.framework */ = {isa = PBXFileReference; lastKnownFileType = wrapper.framework; name = ECConfig.framework; path = "/Caches/DerivedData/ECTwitterIntegration-drvozbmiokrqwqabrpydslxhhyqy/Build/Products/Debug/ECConfig.framework"; sourceTree = "<absolute>"; };
		22F08E5C15E630AB003E8456 /* ECCore.framework */ = {isa = PBXFileReference; lastKnownFileType = wrapper.framework; name = ECCore.framework; path = "/Caches/DerivedData/ECTwitterIntegration-drvozbmiokrqwqabrpydslxhhyqy/Build/Products/Debug/ECCore.framework"; sourceTree = "<absolute>"; };
		22F08E5D15E630AB003E8456 /* ECLogging.framework */ = {isa = PBXFileReference; lastKnownFileType = wrapper.framework; name = ECLogging.framework; path = "/Caches/DerivedData/ECTwitterIntegration-drvozbmiokrqwqabrpydslxhhyqy/Build/Products/Debug/ECLogging.framework"; sourceTree = "<absolute>"; };
		22F08E5E15E630AB003E8456 /* ECOAuthConsumer.framework */ = {isa = PBXFileReference; lastKnownFileType = wrapper.framework; name = ECOAuthConsumer.framework; path = "/Caches/DerivedData/ECTwitterIntegration-drvozbmiokrqwqabrpydslxhhyqy/Build/Products/Debug/ECOAuthConsumer.framework"; sourceTree = "<absolute>"; };
		22F08E5F15E630AB003E8456 /* ECRegexKitLite.framework */ = {isa = PBXFileReference; lastKnownFileType = wrapper.framework; name = ECRegexKitLite.framework; path = "/Caches/DerivedData/ECTwitterIntegration-drvozbmiokrqwqabrpydslxhhyqy/Build/Products/Debug/ECRegexKitLite.framework"; sourceTree = "<absolute>"; };
		22F08E6015E630AB003E8456 /* YAJL.framework */ = {isa = PBXFileReference; lastKnownFileType = wrapper.framework; name = YAJL.framework; path = "/Caches/DerivedData/ECTwitterIntegration-drvozbmiokrqwqabrpydslxhhyqy/Build/Products/Debug/YAJL.framework"; sourceTree = "<absolute>"; };
		22F08E6E15E63228003E8456 /* ECTwitterImage.h */ = {isa = PBXFileReference; fileEncoding = 4; lastKnownFileType = sourcecode.c.h; path = ECTwitterImage.h; sourceTree = "<group>"; };
		22F08E6F15E63228003E8456 /* ECTwitterImage.m */ = {isa = PBXFileReference; fileEncoding = 4; lastKnownFileType = sourcecode.c.objc; path = ECTwitterImage.m; sourceTree = "<group>"; };
		22F08EAA15E64501003E8456 /* ECTwitter.h */ = {isa = PBXFileReference; fileEncoding = 4; lastKnownFileType = sourcecode.c.h; path = ECTwitter.h; sourceTree = "<group>"; };
		8DC2EF5B0486A6940098B216 /* ECTwitter.framework */ = {isa = PBXFileReference; explicitFileType = wrapper.framework; includeInIndex = 0; path = ECTwitter.framework; sourceTree = BUILT_PRODUCTS_DIR; };
/* End PBXFileReference section */

/* Begin PBXFrameworksBuildPhase section */
		22F08E1515E62D04003E8456 /* Frameworks */ = {
			isa = PBXFrameworksBuildPhase;
			buildActionMask = 2147483647;
			files = (
			);
			runOnlyForDeploymentPostprocessing = 0;
		};
		8DC2EF560486A6940098B216 /* Frameworks */ = {
			isa = PBXFrameworksBuildPhase;
			buildActionMask = 2147483647;
			files = (
				22F08E6715E630C9003E8456 /* ECConfig.framework in Frameworks */,
				22F08E6815E630C9003E8456 /* ECCore.framework in Frameworks */,
				22F08E6915E630C9003E8456 /* ECLogging.framework in Frameworks */,
				22F08E6A15E630C9003E8456 /* ECOAuthConsumer.framework in Frameworks */,
				22F08E6B15E630C9003E8456 /* ECRegexKitLite.framework in Frameworks */,
				22F08E6C15E630C9003E8456 /* YAJL.framework in Frameworks */,
				8DC2EF570486A6940098B216 /* Cocoa.framework in Frameworks */,
				2290468F12E87585006D8278 /* CoreLocation.framework in Frameworks */,
			);
			runOnlyForDeploymentPostprocessing = 0;
		};
/* End PBXFrameworksBuildPhase section */

/* Begin PBXGroup section */
		034768DFFF38A50411DB9C8B /* Products */ = {
			isa = PBXGroup;
			children = (
				8DC2EF5B0486A6940098B216 /* ECTwitter.framework */,
				22F08E1815E62D04003E8456 /* ECTwitter.framework */,
			);
			name = Products;
			sourceTree = "<group>";
		};
		0867D691FE84028FC02AAC07 /* ECFoundation */ = {
			isa = PBXGroup;
			children = (
				22F08C6815E56A34003E8456 /* Source */,
				22F08CFD15E56ABE003E8456 /* Resources */,
				0867D69AFE84028FC02AAC07 /* Frameworks */,
				034768DFFF38A50411DB9C8B /* Products */,
			);
			name = ECFoundation;
			sourceTree = "<group>";
		};
		0867D69AFE84028FC02AAC07 /* Frameworks */ = {
			isa = PBXGroup;
			children = (
				22F08E5B15E630AB003E8456 /* ECConfig.framework */,
				22F08E5C15E630AB003E8456 /* ECCore.framework */,
				22F08E5D15E630AB003E8456 /* ECLogging.framework */,
				22F08E5E15E630AB003E8456 /* ECOAuthConsumer.framework */,
				22F08E5F15E630AB003E8456 /* ECRegexKitLite.framework */,
				22F08E6015E630AB003E8456 /* YAJL.framework */,
				2290468E12E87585006D8278 /* CoreLocation.framework */,
				223CBAE11205C5930008A641 /* iOS */,
				1058C7B0FEA5585E11CA2CBB /* MacOS */,
				22F08E1915E62D04003E8456 /* CoreFoundation.framework */,
			);
			name = Frameworks;
			sourceTree = "<group>";
		};
		1058C7B0FEA5585E11CA2CBB /* MacOS */ = {
			isa = PBXGroup;
			children = (
				0867D69BFE84028FC02AAC07 /* Foundation.framework */,
				1058C7B1FEA5585E11CA2CBB /* Cocoa.framework */,
			);
			name = MacOS;
			sourceTree = "<group>";
		};
		223CBAE11205C5930008A641 /* iOS */ = {
			isa = PBXGroup;
			children = (
				223CBAE61205C6380008A641 /* Foundation.framework */,
			);
			name = iOS;
			sourceTree = "<group>";
		};
		22BA9D7115E6782400861F75 /* Tests */ = {
			isa = PBXGroup;
			children = (
				22BA9D7215E6782400861F75 /* ECTwitterEngineTests.m */,
			);
			path = Tests;
			sourceTree = "<group>";
		};
		22F08C6815E56A34003E8456 /* Source */ = {
			isa = PBXGroup;
			children = (
				22F08C6915E56A34003E8456 /* Configuration */,
				22F08C7315E56A34003E8456 /* Generic */,
				22F08C9715E56A34003E8456 /* Prefix */,
				22BA9D7115E6782400861F75 /* Tests */,
			);
			path = Source;
			sourceTree = "<group>";
		};
		22F08C6915E56A34003E8456 /* Configuration */ = {
			isa = PBXGroup;
			children = (
				22F08C6A15E56A34003E8456 /* IOSDebug.xcconfig */,
				22F08C6B15E56A34003E8456 /* IOSRelease.xcconfig */,
				22F08C6C15E56A34003E8456 /* IOSUnitTestDebug.xcconfig */,
				22F08C6D15E56A34003E8456 /* IOSUnitTestRelease.xcconfig */,
				22F08C6E15E56A34003E8456 /* MacDebug.xcconfig */,
				22F08C6F15E56A34003E8456 /* MacRelease.xcconfig */,
				22F08C7015E56A34003E8456 /* MacUnitTestDebug.xcconfig */,
				22F08C7115E56A34003E8456 /* MacUnitTestRelease.xcconfig */,
				22F08C7215E56A34003E8456 /* Shared.xcconfig */,
			);
			path = Configuration;
			sourceTree = "<group>";
		};
		22F08C7315E56A34003E8456 /* Generic */ = {
			isa = PBXGroup;
			children = (
				22F08EAA15E64501003E8456 /* ECTwitter.h */,
				22F08C7415E56A34003E8456 /* ECTwitterAuthentication.h */,
				22F08C7515E56A34003E8456 /* ECTwitterAuthentication.m */,
				22F08C7615E56A34003E8456 /* ECTwitterCache.h */,
				22F08C7715E56A34003E8456 /* ECTwitterCache.m */,
				22F08C7815E56A34003E8456 /* ECTwitterCachedObject.h */,
				22F08C7915E56A34003E8456 /* ECTwitterCachedObject.m */,
				22F08C7A15E56A34003E8456 /* ECTwitterConnection.h */,
				22F08C7B15E56A34003E8456 /* ECTwitterConnection.m */,
				22F08C7C15E56A34003E8456 /* ECTwitterEngine.h */,
				22F08C7D15E56A34003E8456 /* ECTwitterEngine.m */,
				22F08C7E15E56A34003E8456 /* ECTwitterHandler.h */,
				22F08C7F15E56A34003E8456 /* ECTwitterHandler.m */,
				22F08C8015E56A34003E8456 /* ECTwitterID.h */,
				22F08C8115E56A34003E8456 /* ECTwitterID.m */,
				22F08E6E15E63228003E8456 /* ECTwitterImage.h */,
				22F08E6F15E63228003E8456 /* ECTwitterImage.m */,
				22F08C8215E56A34003E8456 /* ECTwitterParser.h */,
				22F08C8315E56A34003E8456 /* ECTwitterParser.m */,
				22F08C8415E56A34003E8456 /* ECTwitterPlace.h */,
				22F08C8515E56A34003E8456 /* ECTwitterPlace.m */,
				22F08C8615E56A34003E8456 /* ECTwitterSearchTimeline.h */,
				22F08C8715E56A34003E8456 /* ECTwitterSearchTimeline.m */,
				22F08C8815E56A34003E8456 /* ECTwitterTimeline.h */,
				22F08C8915E56A34003E8456 /* ECTwitterTimeline.m */,
				22F08C8A15E56A34003E8456 /* ECTwitterTweet.h */,
				22F08C8B15E56A34003E8456 /* ECTwitterTweet.m */,
				22F08C8C15E56A34003E8456 /* ECTwitterUser.h */,
				22F08C8D15E56A34003E8456 /* ECTwitterUser.m */,
				22F08C8E15E56A34003E8456 /* ECTwitterUserList.h */,
				22F08C8F15E56A34003E8456 /* ECTwitterUserList.m */,
				22F08C9015E56A34003E8456 /* ECTwitterUserMentionsTimeline.h */,
				22F08C9115E56A34003E8456 /* ECTwitterUserMentionsTimeline.m */,
				22F08C9215E56A34003E8456 /* ECTwitterUserTimeline.h */,
				22F08C9315E56A34003E8456 /* ECTwitterUserTimeline.m */,
				22F08C9415E56A34003E8456 /* MGTwitterEngine.h */,
				22F08C9515E56A34003E8456 /* MGTwitterEngine.m */,
				22F08C9615E56A34003E8456 /* MGTwitterEngineDelegate.h */,
			);
			path = Generic;
			sourceTree = "<group>";
		};
		22F08C9715E56A34003E8456 /* Prefix */ = {
			isa = PBXGroup;
			children = (
				22F08C9815E56A34003E8456 /* ECTwitterDebug.pch */,
				22F08C9915E56A34003E8456 /* ECTwitterRelease.pch */,
				22F08C9A15E56A34003E8456 /* ECTwitterShared.pch */,
			);
			path = Prefix;
			sourceTree = "<group>";
		};
		22F08CFD15E56ABE003E8456 /* Resources */ = {
			isa = PBXGroup;
			children = (
				22F08CFE15E56ABE003E8456 /* InfoPlist.strings */,
				22F08D0015E56ABE003E8456 /* Info.plist */,
			);
			path = Resources;
			sourceTree = "<group>";
		};
/* End PBXGroup section */

/* Begin PBXHeadersBuildPhase section */
		22F08E2615E62DD5003E8456 /* Headers */ = {
			isa = PBXHeadersBuildPhase;
			buildActionMask = 2147483647;
			files = (
				22F08E2715E62DDF003E8456 /* ECTwitterAuthentication.h in Headers */,
				22F08E2915E62DDF003E8456 /* ECTwitterCache.h in Headers */,
				22F08E2B15E62DDF003E8456 /* ECTwitterCachedObject.h in Headers */,
				22F08E2D15E62DDF003E8456 /* ECTwitterConnection.h in Headers */,
				22F08E2F15E62DDF003E8456 /* ECTwitterEngine.h in Headers */,
				22F08E3115E62DDF003E8456 /* ECTwitterHandler.h in Headers */,
				22F08E3315E62DDF003E8456 /* ECTwitterID.h in Headers */,
				22F08E3515E62DDF003E8456 /* ECTwitterParser.h in Headers */,
				22F08E3715E62DDF003E8456 /* ECTwitterPlace.h in Headers */,
				22F08E3915E62DDF003E8456 /* ECTwitterSearchTimeline.h in Headers */,
				22F08E3B15E62DDF003E8456 /* ECTwitterTimeline.h in Headers */,
				22F08E3D15E62DDF003E8456 /* ECTwitterTweet.h in Headers */,
				22F08E3F15E62DDF003E8456 /* ECTwitterUser.h in Headers */,
				22F08E4115E62DDF003E8456 /* ECTwitterUserList.h in Headers */,
				22F08E4315E62DDF003E8456 /* ECTwitterUserMentionsTimeline.h in Headers */,
				22F08E4515E62DDF003E8456 /* ECTwitterUserTimeline.h in Headers */,
				22F08E4715E62DDF003E8456 /* MGTwitterEngine.h in Headers */,
				22F08E4915E62DDF003E8456 /* MGTwitterEngineDelegate.h in Headers */,
				22F08E7115E63228003E8456 /* ECTwitterImage.h in Headers */,
				22F08EAC15E64501003E8456 /* ECTwitter.h in Headers */,
			);
			runOnlyForDeploymentPostprocessing = 0;
		};
		8DC2EF500486A6940098B216 /* Headers */ = {
			isa = PBXHeadersBuildPhase;
			buildActionMask = 2147483647;
			files = (
				22F08CAB15E56A35003E8456 /* ECTwitterAuthentication.h in Headers */,
				22F08CAF15E56A35003E8456 /* ECTwitterCache.h in Headers */,
				22F08CB315E56A35003E8456 /* ECTwitterCachedObject.h in Headers */,
				22F08CB715E56A35003E8456 /* ECTwitterConnection.h in Headers */,
				22F08CBB15E56A35003E8456 /* ECTwitterEngine.h in Headers */,
				22F08CBF15E56A35003E8456 /* ECTwitterHandler.h in Headers */,
				22F08CC315E56A35003E8456 /* ECTwitterID.h in Headers */,
				22F08CC715E56A35003E8456 /* ECTwitterParser.h in Headers */,
				22F08CCB15E56A35003E8456 /* ECTwitterPlace.h in Headers */,
				22F08CCF15E56A35003E8456 /* ECTwitterSearchTimeline.h in Headers */,
				22F08CD315E56A35003E8456 /* ECTwitterTimeline.h in Headers */,
				22F08CD715E56A35003E8456 /* ECTwitterTweet.h in Headers */,
				22F08CDB15E56A35003E8456 /* ECTwitterUser.h in Headers */,
				22F08CDF15E56A35003E8456 /* ECTwitterUserList.h in Headers */,
				22F08CE315E56A35003E8456 /* ECTwitterUserMentionsTimeline.h in Headers */,
				22F08CE715E56A35003E8456 /* ECTwitterUserTimeline.h in Headers */,
				22F08CF115E56A35003E8456 /* ECTwitterDebug.pch in Headers */,
				22F08CF315E56A35003E8456 /* ECTwitterRelease.pch in Headers */,
				22F08CF515E56A35003E8456 /* ECTwitterShared.pch in Headers */,
				22F08E7015E63228003E8456 /* ECTwitterImage.h in Headers */,
				22F08EAB15E64501003E8456 /* ECTwitter.h in Headers */,
				22F08CEB15E56A35003E8456 /* MGTwitterEngine.h in Headers */,
				22F08CEF15E56A35003E8456 /* MGTwitterEngineDelegate.h in Headers */,
			);
			runOnlyForDeploymentPostprocessing = 0;
		};
/* End PBXHeadersBuildPhase section */

/* Begin PBXNativeTarget section */
		22F08E1715E62D04003E8456 /* ECTwitterIOS */ = {
			isa = PBXNativeTarget;
			buildConfigurationList = 22F08E2415E62D04003E8456 /* Build configuration list for PBXNativeTarget "ECTwitterIOS" */;
			buildPhases = (
				22F08E1415E62D04003E8456 /* Sources */,
				22F08E2615E62DD5003E8456 /* Headers */,
				22F08E1515E62D04003E8456 /* Frameworks */,
				22F08E1615E62D04003E8456 /* Resources */,
				22F08E4A15E62DF7003E8456 /* ShellScript */,
			);
			buildRules = (
			);
			dependencies = (
			);
			name = ECTwitterIOS;
			productName = ECTwitterIOS;
			productReference = 22F08E1815E62D04003E8456 /* ECTwitter.framework */;
			productType = "com.apple.product-type.bundle";
		};
		8DC2EF4F0486A6940098B216 /* ECTwitterMac */ = {
			isa = PBXNativeTarget;
			buildConfigurationList = 1DEB91AD08733DA50010E9CD /* Build configuration list for PBXNativeTarget "ECTwitterMac" */;
			buildPhases = (
				8DC2EF520486A6940098B216 /* Resources */,
				8DC2EF500486A6940098B216 /* Headers */,
				8DC2EF540486A6940098B216 /* Sources */,
				8DC2EF560486A6940098B216 /* Frameworks */,
			);
			buildRules = (
			);
			dependencies = (
			);
			name = ECTwitterMac;
			productInstallPath = "$(HOME)/Library/Frameworks";
			productName = ECFoundation;
			productReference = 8DC2EF5B0486A6940098B216 /* ECTwitter.framework */;
			productType = "com.apple.product-type.framework";
		};
/* End PBXNativeTarget section */

/* Begin PBXProject section */
		0867D690FE84028FC02AAC07 /* Project object */ = {
			isa = PBXProject;
			buildConfigurationList = 1DEB91B108733DA50010E9CD /* Build configuration list for PBXProject "ECTwitter" */;
			compatibilityVersion = "Xcode 3.1";
			developmentRegion = English;
			hasScannedForEncodings = 1;
			knownRegions = (
				English,
				Japanese,
				French,
				German,
				en,
			);
			mainGroup = 0867D691FE84028FC02AAC07 /* ECFoundation */;
			productRefGroup = 034768DFFF38A50411DB9C8B /* Products */;
			projectDirPath = "";
			projectRoot = "";
			targets = (
				8DC2EF4F0486A6940098B216 /* ECTwitterMac */,
				22F08E1715E62D04003E8456 /* ECTwitterIOS */,
			);
		};
/* End PBXProject section */

/* Begin PBXResourcesBuildPhase section */
		22F08E1615E62D04003E8456 /* Resources */ = {
			isa = PBXResourcesBuildPhase;
			buildActionMask = 2147483647;
			files = (
			);
			runOnlyForDeploymentPostprocessing = 0;
		};
		8DC2EF520486A6940098B216 /* Resources */ = {
			isa = PBXResourcesBuildPhase;
			buildActionMask = 2147483647;
			files = (
				22F08CA215E56A34003E8456 /* IOSDebug.xcconfig in Resources */,
				22F08CA315E56A34003E8456 /* IOSRelease.xcconfig in Resources */,
				22F08CA415E56A34003E8456 /* IOSUnitTestDebug.xcconfig in Resources */,
				22F08CA515E56A34003E8456 /* IOSUnitTestRelease.xcconfig in Resources */,
				22F08CA615E56A34003E8456 /* MacDebug.xcconfig in Resources */,
				22F08CA715E56A34003E8456 /* MacRelease.xcconfig in Resources */,
				22F08CA815E56A34003E8456 /* MacUnitTestDebug.xcconfig in Resources */,
				22F08CA915E56A34003E8456 /* MacUnitTestRelease.xcconfig in Resources */,
				22F08CAA15E56A35003E8456 /* Shared.xcconfig in Resources */,
				22F08D0115E56ABE003E8456 /* InfoPlist.strings in Resources */,
			);
			runOnlyForDeploymentPostprocessing = 0;
		};
/* End PBXResourcesBuildPhase section */

/* Begin PBXShellScriptBuildPhase section */
		22F08E4A15E62DF7003E8456 /* ShellScript */ = {
			isa = PBXShellScriptBuildPhase;
			buildActionMask = 2147483647;
			files = (
			);
			inputPaths = (
			);
			outputPaths = (
			);
			runOnlyForDeploymentPostprocessing = 0;
			shellPath = /bin/sh;
			shellScript = "\"${ECCONFIG_SCRIPTS_PATH}/package-pseudo-framework.sh\"";
			showEnvVarsInLog = 0;
		};
/* End PBXShellScriptBuildPhase section */

/* Begin PBXSourcesBuildPhase section */
		22F08E1415E62D04003E8456 /* Sources */ = {
			isa = PBXSourcesBuildPhase;
			buildActionMask = 2147483647;
			files = (
				22F08E2815E62DDF003E8456 /* ECTwitterAuthentication.m in Sources */,
				22F08E2A15E62DDF003E8456 /* ECTwitterCache.m in Sources */,
				22F08E2C15E62DDF003E8456 /* ECTwitterCachedObject.m in Sources */,
				22F08E2E15E62DDF003E8456 /* ECTwitterConnection.m in Sources */,
				22F08E3015E62DDF003E8456 /* ECTwitterEngine.m in Sources */,
				22F08E3215E62DDF003E8456 /* ECTwitterHandler.m in Sources */,
				22F08E3415E62DDF003E8456 /* ECTwitterID.m in Sources */,
				22F08E3615E62DDF003E8456 /* ECTwitterParser.m in Sources */,
				22F08E3815E62DDF003E8456 /* ECTwitterPlace.m in Sources */,
				22F08E3A15E62DDF003E8456 /* ECTwitterSearchTimeline.m in Sources */,
				22F08E3C15E62DDF003E8456 /* ECTwitterTimeline.m in Sources */,
				22F08E3E15E62DDF003E8456 /* ECTwitterTweet.m in Sources */,
				22F08E4015E62DDF003E8456 /* ECTwitterUser.m in Sources */,
				22F08E4215E62DDF003E8456 /* ECTwitterUserList.m in Sources */,
				22F08E4415E62DDF003E8456 /* ECTwitterUserMentionsTimeline.m in Sources */,
				22F08E4615E62DDF003E8456 /* ECTwitterUserTimeline.m in Sources */,
				22F08E4815E62DDF003E8456 /* MGTwitterEngine.m in Sources */,
				22F08E7315E63228003E8456 /* ECTwitterImage.m in Sources */,
			);
			runOnlyForDeploymentPostprocessing = 0;
		};
		8DC2EF540486A6940098B216 /* Sources */ = {
			isa = PBXSourcesBuildPhase;
			buildActionMask = 2147483647;
			files = (
				22F08CAD15E56A35003E8456 /* ECTwitterAuthentication.m in Sources */,
				22F08CB115E56A35003E8456 /* ECTwitterCache.m in Sources */,
				22F08CB515E56A35003E8456 /* ECTwitterCachedObject.m in Sources */,
				22F08CB915E56A35003E8456 /* ECTwitterConnection.m in Sources */,
				22F08CBD15E56A35003E8456 /* ECTwitterEngine.m in Sources */,
				22F08CC115E56A35003E8456 /* ECTwitterHandler.m in Sources */,
				22F08CC515E56A35003E8456 /* ECTwitterID.m in Sources */,
				22F08CC915E56A35003E8456 /* ECTwitterParser.m in Sources */,
				22F08CCD15E56A35003E8456 /* ECTwitterPlace.m in Sources */,
				22F08CD115E56A35003E8456 /* ECTwitterSearchTimeline.m in Sources */,
				22F08CD515E56A35003E8456 /* ECTwitterTimeline.m in Sources */,
				22F08CD915E56A35003E8456 /* ECTwitterTweet.m in Sources */,
				22F08CDD15E56A35003E8456 /* ECTwitterUser.m in Sources */,
				22F08CE115E56A35003E8456 /* ECTwitterUserList.m in Sources */,
				22F08CE515E56A35003E8456 /* ECTwitterUserMentionsTimeline.m in Sources */,
				22F08CE915E56A35003E8456 /* ECTwitterUserTimeline.m in Sources */,
				22F08CED15E56A35003E8456 /* MGTwitterEngine.m in Sources */,
				22F08E7215E63228003E8456 /* ECTwitterImage.m in Sources */,
			);
			runOnlyForDeploymentPostprocessing = 0;
		};
/* End PBXSourcesBuildPhase section */

/* Begin PBXVariantGroup section */
		22F08CFE15E56ABE003E8456 /* InfoPlist.strings */ = {
			isa = PBXVariantGroup;
			children = (
				22F08CFF15E56ABE003E8456 /* en */,
			);
			name = InfoPlist.strings;
			sourceTree = "<group>";
		};
/* End PBXVariantGroup section */

/* Begin XCBuildConfiguration section */
		1DEB91AE08733DA50010E9CD /* Debug */ = {
			isa = XCBuildConfiguration;
			baseConfigurationReference = 22F08C6E15E56A34003E8456 /* MacDebug.xcconfig */;
			buildSettings = {
				FRAMEWORK_SEARCH_PATHS = (
					"$(inherited)",
					"\"/Caches/DerivedData/ECTwitterIntegration-drvozbmiokrqwqabrpydslxhhyqy/Build/Products/Debug\"",
				);
			};
			name = Debug;
		};
		1DEB91AF08733DA50010E9CD /* Release */ = {
			isa = XCBuildConfiguration;
			baseConfigurationReference = 22F08C6F15E56A34003E8456 /* MacRelease.xcconfig */;
			buildSettings = {
				FRAMEWORK_SEARCH_PATHS = (
					"$(inherited)",
					"\"/Caches/DerivedData/ECTwitterIntegration-drvozbmiokrqwqabrpydslxhhyqy/Build/Products/Debug\"",
				);
			};
			name = Release;
		};
		1DEB91B208733DA50010E9CD /* Debug */ = {
			isa = XCBuildConfiguration;
			buildSettings = {
			};
			name = Debug;
		};
		1DEB91B308733DA50010E9CD /* Release */ = {
			isa = XCBuildConfiguration;
			buildSettings = {
			};
			name = Release;
		};
		22F08E2215E62D04003E8456 /* Debug */ = {
			isa = XCBuildConfiguration;
			baseConfigurationReference = 22F08C6A15E56A34003E8456 /* IOSDebug.xcconfig */;
			buildSettings = {
				FRAMEWORK_SEARCH_PATHS = (
					"$(inherited)",
					"\"/Caches/DerivedData/ECTwitterIntegration-drvozbmiokrqwqabrpydslxhhyqy/Build/Products/Debug\"",
				);
			};
			name = Debug;
		};
		22F08E2315E62D04003E8456 /* Release */ = {
			isa = XCBuildConfiguration;
			baseConfigurationReference = 22F08C6B15E56A34003E8456 /* IOSRelease.xcconfig */;
			buildSettings = {
				FRAMEWORK_SEARCH_PATHS = (
					"$(inherited)",
					"\"/Caches/DerivedData/ECTwitterIntegration-drvozbmiokrqwqabrpydslxhhyqy/Build/Products/Debug\"",
				);
			};
			name = Release;
		};
/* End XCBuildConfiguration section */

/* Begin XCConfigurationList section */
		1DEB91AD08733DA50010E9CD /* Build configuration list for PBXNativeTarget "ECTwitterMac" */ = {
			isa = XCConfigurationList;
			buildConfigurations = (
				1DEB91AE08733DA50010E9CD /* Debug */,
				1DEB91AF08733DA50010E9CD /* Release */,
			);
			defaultConfigurationIsVisible = 0;
			defaultConfigurationName = Release;
		};
		1DEB91B108733DA50010E9CD /* Build configuration list for PBXProject "ECTwitter" */ = {
			isa = XCConfigurationList;
			buildConfigurations = (
				1DEB91B208733DA50010E9CD /* Debug */,
				1DEB91B308733DA50010E9CD /* Release */,
			);
			defaultConfigurationIsVisible = 0;
			defaultConfigurationName = Release;
		};
		22F08E2415E62D04003E8456 /* Build configuration list for PBXNativeTarget "ECTwitterIOS" */ = {
			isa = XCConfigurationList;
			buildConfigurations = (
				22F08E2215E62D04003E8456 /* Debug */,
				22F08E2315E62D04003E8456 /* Release */,
			);
			defaultConfigurationIsVisible = 0;
			defaultConfigurationName = Release;
		};
/* End XCConfigurationList section */
	};
	rootObject = 0867D690FE84028FC02AAC07 /* Project object */;
}
