// !$*UTF8*$!
{
	archiveVersion = 1;
	classes = {
	};
	objectVersion = 45;
	objects = {

/* Begin PBXAggregateTarget section */
		22FDC6C2120615F900011C6F /* Everything */ = {
			isa = PBXAggregateTarget;
			buildConfigurationList = 22FDC6DA1206161700011C6F /* Build configuration list for PBXAggregateTarget "Everything" */;
			buildPhases = (
			);
			dependencies = (
				22FDC6C7120615FF00011C6F /* PBXTargetDependency */,
				22FDC6C9120615FF00011C6F /* PBXTargetDependency */,
				22FDC6CB120615FF00011C6F /* PBXTargetDependency */,
				22FDC6CD120615FF00011C6F /* PBXTargetDependency */,
			);
			name = Everything;
			productName = Everything;
		};
/* End PBXAggregateTarget section */

/* Begin PBXBuildFile section */
		223CBAD81205C51F0008A641 /* GHUnitTestMain.m in Sources */ = {isa = PBXBuildFile; fileRef = 223CBAD71205C51F0008A641 /* GHUnitTestMain.m */; };
		225EC6AB11EBAF4900A97AEA /* ECTwitter.framework in Frameworks */ = {isa = PBXBuildFile; fileRef = 8DC2EF5B0486A6940098B216 /* ECTwitter.framework */; };
		227290B0124A4CC200A9881F /* InfoPlist.strings in Resources */ = {isa = PBXBuildFile; fileRef = 227290AD124A4CC200A9881F /* InfoPlist.strings */; };
		227333B511EBBA2800695FB4 /* ECTwitter.framework in Frameworks */ = {isa = PBXBuildFile; fileRef = 8DC2EF5B0486A6940098B216 /* ECTwitter.framework */; };
		227333B911EBBA3000695FB4 /* GHUnit.framework in Frameworks */ = {isa = PBXBuildFile; fileRef = 227333B811EBBA3000695FB4 /* GHUnit.framework */; };
		2290455B12E8715C006D8278 /* ECTwitterAdHocPrefix.pch in Headers */ = {isa = PBXBuildFile; fileRef = 2290455712E8715B006D8278 /* ECTwitterAdHocPrefix.pch */; };
		2290455C12E8715C006D8278 /* ECTwitterDebugPrefix.pch in Headers */ = {isa = PBXBuildFile; fileRef = 2290455812E8715B006D8278 /* ECTwitterDebugPrefix.pch */; };
		2290455D12E8715C006D8278 /* ECTwitterReleasePrefix.pch in Headers */ = {isa = PBXBuildFile; fileRef = 2290455912E8715B006D8278 /* ECTwitterReleasePrefix.pch */; };
		2290455E12E8715C006D8278 /* ECTwitterSharedPrefix.pch in Headers */ = {isa = PBXBuildFile; fileRef = 2290455A12E8715B006D8278 /* ECTwitterSharedPrefix.pch */; };
		2290455F12E8715C006D8278 /* ECTwitterAdHocPrefix.pch in Headers */ = {isa = PBXBuildFile; fileRef = 2290455712E8715B006D8278 /* ECTwitterAdHocPrefix.pch */; };
		2290456012E8715C006D8278 /* ECTwitterDebugPrefix.pch in Headers */ = {isa = PBXBuildFile; fileRef = 2290455812E8715B006D8278 /* ECTwitterDebugPrefix.pch */; };
		2290456112E8715C006D8278 /* ECTwitterReleasePrefix.pch in Headers */ = {isa = PBXBuildFile; fileRef = 2290455912E8715B006D8278 /* ECTwitterReleasePrefix.pch */; };
		2290456212E8715C006D8278 /* ECTwitterSharedPrefix.pch in Headers */ = {isa = PBXBuildFile; fileRef = 2290455A12E8715B006D8278 /* ECTwitterSharedPrefix.pch */; };
		2290457712E8716F006D8278 /* ECTwitterCache.h in Headers */ = {isa = PBXBuildFile; fileRef = 2290456412E8716F006D8278 /* ECTwitterCache.h */; };
		2290457812E8716F006D8278 /* ECTwitterCache.m in Sources */ = {isa = PBXBuildFile; fileRef = 2290456512E8716F006D8278 /* ECTwitterCache.m */; };
		2290457912E8716F006D8278 /* ECTwitterCachedObject.h in Headers */ = {isa = PBXBuildFile; fileRef = 2290456612E8716F006D8278 /* ECTwitterCachedObject.h */; };
		2290457A12E8716F006D8278 /* ECTwitterCachedObject.m in Sources */ = {isa = PBXBuildFile; fileRef = 2290456712E8716F006D8278 /* ECTwitterCachedObject.m */; };
		2290457B12E8716F006D8278 /* ECTwitterEngine.h in Headers */ = {isa = PBXBuildFile; fileRef = 2290456812E8716F006D8278 /* ECTwitterEngine.h */; };
		2290457C12E8716F006D8278 /* ECTwitterEngine.m in Sources */ = {isa = PBXBuildFile; fileRef = 2290456912E8716F006D8278 /* ECTwitterEngine.m */; };
		2290457D12E8716F006D8278 /* ECTwitterHandler.h in Headers */ = {isa = PBXBuildFile; fileRef = 2290456A12E8716F006D8278 /* ECTwitterHandler.h */; };
		2290457E12E8716F006D8278 /* ECTwitterHandler.m in Sources */ = {isa = PBXBuildFile; fileRef = 2290456B12E8716F006D8278 /* ECTwitterHandler.m */; };
		2290457F12E8716F006D8278 /* ECTwitterID.h in Headers */ = {isa = PBXBuildFile; fileRef = 2290456C12E8716F006D8278 /* ECTwitterID.h */; };
		2290458012E8716F006D8278 /* ECTwitterID.m in Sources */ = {isa = PBXBuildFile; fileRef = 2290456D12E8716F006D8278 /* ECTwitterID.m */; };
		2290458112E8716F006D8278 /* ECTwitterPlace.h in Headers */ = {isa = PBXBuildFile; fileRef = 2290456E12E8716F006D8278 /* ECTwitterPlace.h */; };
		2290458212E8716F006D8278 /* ECTwitterPlace.m in Sources */ = {isa = PBXBuildFile; fileRef = 2290456F12E8716F006D8278 /* ECTwitterPlace.m */; };
		2290458312E8716F006D8278 /* ECTwitterTweet.h in Headers */ = {isa = PBXBuildFile; fileRef = 2290457012E8716F006D8278 /* ECTwitterTweet.h */; };
		2290458412E8716F006D8278 /* ECTwitterTweet.h.orig in Resources */ = {isa = PBXBuildFile; fileRef = 2290457112E8716F006D8278 /* ECTwitterTweet.h.orig */; };
		2290458512E8716F006D8278 /* ECTwitterTweet.m in Sources */ = {isa = PBXBuildFile; fileRef = 2290457212E8716F006D8278 /* ECTwitterTweet.m */; };
		2290458612E8716F006D8278 /* ECTwitterTweet.m.orig in Resources */ = {isa = PBXBuildFile; fileRef = 2290457312E8716F006D8278 /* ECTwitterTweet.m.orig */; };
		2290458712E8716F006D8278 /* ECTwitterUser.h in Headers */ = {isa = PBXBuildFile; fileRef = 2290457412E8716F006D8278 /* ECTwitterUser.h */; };
		2290458812E8716F006D8278 /* ECTwitterUser.h.orig in Resources */ = {isa = PBXBuildFile; fileRef = 2290457512E8716F006D8278 /* ECTwitterUser.h.orig */; };
		2290458912E8716F006D8278 /* ECTwitterUser.m in Sources */ = {isa = PBXBuildFile; fileRef = 2290457612E8716F006D8278 /* ECTwitterUser.m */; };
		2290458A12E8716F006D8278 /* ECTwitterCache.h in Headers */ = {isa = PBXBuildFile; fileRef = 2290456412E8716F006D8278 /* ECTwitterCache.h */; };
		2290458B12E8716F006D8278 /* ECTwitterCache.m in Sources */ = {isa = PBXBuildFile; fileRef = 2290456512E8716F006D8278 /* ECTwitterCache.m */; };
		2290458C12E8716F006D8278 /* ECTwitterCachedObject.h in Headers */ = {isa = PBXBuildFile; fileRef = 2290456612E8716F006D8278 /* ECTwitterCachedObject.h */; };
		2290458D12E8716F006D8278 /* ECTwitterCachedObject.m in Sources */ = {isa = PBXBuildFile; fileRef = 2290456712E8716F006D8278 /* ECTwitterCachedObject.m */; };
		2290458E12E8716F006D8278 /* ECTwitterEngine.h in Headers */ = {isa = PBXBuildFile; fileRef = 2290456812E8716F006D8278 /* ECTwitterEngine.h */; };
		2290458F12E8716F006D8278 /* ECTwitterEngine.m in Sources */ = {isa = PBXBuildFile; fileRef = 2290456912E8716F006D8278 /* ECTwitterEngine.m */; };
		2290459012E8716F006D8278 /* ECTwitterHandler.h in Headers */ = {isa = PBXBuildFile; fileRef = 2290456A12E8716F006D8278 /* ECTwitterHandler.h */; };
		2290459112E8716F006D8278 /* ECTwitterHandler.m in Sources */ = {isa = PBXBuildFile; fileRef = 2290456B12E8716F006D8278 /* ECTwitterHandler.m */; };
		2290459212E8716F006D8278 /* ECTwitterID.h in Headers */ = {isa = PBXBuildFile; fileRef = 2290456C12E8716F006D8278 /* ECTwitterID.h */; };
		2290459312E8716F006D8278 /* ECTwitterID.m in Sources */ = {isa = PBXBuildFile; fileRef = 2290456D12E8716F006D8278 /* ECTwitterID.m */; };
		2290459412E8716F006D8278 /* ECTwitterPlace.h in Headers */ = {isa = PBXBuildFile; fileRef = 2290456E12E8716F006D8278 /* ECTwitterPlace.h */; };
		2290459512E8716F006D8278 /* ECTwitterPlace.m in Sources */ = {isa = PBXBuildFile; fileRef = 2290456F12E8716F006D8278 /* ECTwitterPlace.m */; };
		2290459612E8716F006D8278 /* ECTwitterTweet.h in Headers */ = {isa = PBXBuildFile; fileRef = 2290457012E8716F006D8278 /* ECTwitterTweet.h */; };
		2290459712E8716F006D8278 /* ECTwitterTweet.m in Sources */ = {isa = PBXBuildFile; fileRef = 2290457212E8716F006D8278 /* ECTwitterTweet.m */; };
		2290459812E8716F006D8278 /* ECTwitterUser.h in Headers */ = {isa = PBXBuildFile; fileRef = 2290457412E8716F006D8278 /* ECTwitterUser.h */; };
		2290459912E8716F006D8278 /* ECTwitterUser.m in Sources */ = {isa = PBXBuildFile; fileRef = 2290457612E8716F006D8278 /* ECTwitterUser.m */; };
		2290465C12E87502006D8278 /* ECFoundationAdHocSettings.xcconfig in Resources */ = {isa = PBXBuildFile; fileRef = 2290464E12E87502006D8278 /* ECFoundationAdHocSettings.xcconfig */; };
		2290465D12E87502006D8278 /* ECFoundationDebugSettings.xcconfig in Resources */ = {isa = PBXBuildFile; fileRef = 2290464F12E87502006D8278 /* ECFoundationDebugSettings.xcconfig */; };
		2290465E12E87502006D8278 /* ECFoundationReleaseSettings.xcconfig in Resources */ = {isa = PBXBuildFile; fileRef = 2290465012E87502006D8278 /* ECFoundationReleaseSettings.xcconfig */; };
		2290465F12E87502006D8278 /* ECFoundationSharedSettings.xcconfig in Resources */ = {isa = PBXBuildFile; fileRef = 2290465112E87502006D8278 /* ECFoundationSharedSettings.xcconfig */; };
		2290466012E87502006D8278 /* ECIOSAdHocSettings.xcconfig in Resources */ = {isa = PBXBuildFile; fileRef = 2290465212E87502006D8278 /* ECIOSAdHocSettings.xcconfig */; };
		2290466112E87502006D8278 /* ECIOSDebugSettings.xcconfig in Resources */ = {isa = PBXBuildFile; fileRef = 2290465312E87502006D8278 /* ECIOSDebugSettings.xcconfig */; };
		2290466212E87502006D8278 /* ECIOSReleaseSettings.xcconfig in Resources */ = {isa = PBXBuildFile; fileRef = 2290465412E87502006D8278 /* ECIOSReleaseSettings.xcconfig */; };
		2290466312E87502006D8278 /* ECIOSSharedSettings.xcconfig in Resources */ = {isa = PBXBuildFile; fileRef = 2290465512E87502006D8278 /* ECIOSSharedSettings.xcconfig */; };
		2290466412E87502006D8278 /* ECMacDebugSettings.xcconfig in Resources */ = {isa = PBXBuildFile; fileRef = 2290465612E87502006D8278 /* ECMacDebugSettings.xcconfig */; };
		2290466512E87502006D8278 /* ECMacReleaseSettings.xcconfig in Resources */ = {isa = PBXBuildFile; fileRef = 2290465712E87502006D8278 /* ECMacReleaseSettings.xcconfig */; };
		2290466612E87502006D8278 /* ECMacSharedSettings.xcconfig in Resources */ = {isa = PBXBuildFile; fileRef = 2290465812E87502006D8278 /* ECMacSharedSettings.xcconfig */; };
		2290467812E87527006D8278 /* ECFoundation.framework in Frameworks */ = {isa = PBXBuildFile; fileRef = 2290466D12E87502006D8278 /* ECFoundation.framework */; };
		2290468F12E87585006D8278 /* CoreLocation.framework in Frameworks */ = {isa = PBXBuildFile; fileRef = 2290468E12E87585006D8278 /* CoreLocation.framework */; settings = {ATTRIBUTES = (Weak, ); }; };
		8DC2EF570486A6940098B216 /* Cocoa.framework in Frameworks */ = {isa = PBXBuildFile; fileRef = 1058C7B1FEA5585E11CA2CBB /* Cocoa.framework */; };
/* End PBXBuildFile section */

/* Begin PBXContainerItemProxy section */
		225EC67911EBAB8100A97AEA /* PBXContainerItemProxy */ = {
			isa = PBXContainerItemProxy;
			containerPortal = 0867D690FE84028FC02AAC07 /* Project object */;
			proxyType = 1;
			remoteGlobalIDString = 8DC2EF4F0486A6940098B216;
			remoteInfo = ECFoundation;
		};
		227333B311EBBA2300695FB4 /* PBXContainerItemProxy */ = {
			isa = PBXContainerItemProxy;
			containerPortal = 0867D690FE84028FC02AAC07 /* Project object */;
			proxyType = 1;
			remoteGlobalIDString = 8DC2EF4F0486A6940098B216;
			remoteInfo = ECFoundation;
		};
		2290466C12E87502006D8278 /* PBXContainerItemProxy */ = {
			isa = PBXContainerItemProxy;
			containerPortal = 2290465912E87502006D8278 /* ECFoundation.xcodeproj */;
			proxyType = 2;
			remoteGlobalIDString = 8DC2EF5B0486A6940098B216 /* ECFoundation.framework */;
			remoteInfo = "ECFoundation Mac";
		};
		2290466E12E87502006D8278 /* PBXContainerItemProxy */ = {
			isa = PBXContainerItemProxy;
			containerPortal = 2290465912E87502006D8278 /* ECFoundation.xcodeproj */;
			proxyType = 2;
			remoteGlobalIDString = 22FBFE6711DD0D9400578A66 /* libECFoundation.a */;
			remoteInfo = "ECFoundation iOS";
		};
		2290467012E87502006D8278 /* PBXContainerItemProxy */ = {
			isa = PBXContainerItemProxy;
			containerPortal = 2290465912E87502006D8278 /* ECFoundation.xcodeproj */;
			proxyType = 2;
			remoteGlobalIDString = 225EC67211EBAA4800A97AEA /* EC Foundation Unit Tests.octest */;
			remoteInfo = "ECFoundation SenTest";
		};
		2290467212E87502006D8278 /* PBXContainerItemProxy */ = {
			isa = PBXContainerItemProxy;
			containerPortal = 2290465912E87502006D8278 /* ECFoundation.xcodeproj */;
			proxyType = 2;
			remoteGlobalIDString = 227333A411EBBA0800695FB4 /* GHUnit Tests.app */;
			remoteInfo = "ECFoundation GHUnit";
		};
		2290468A12E8755F006D8278 /* PBXContainerItemProxy */ = {
			isa = PBXContainerItemProxy;
			containerPortal = 2290465912E87502006D8278 /* ECFoundation.xcodeproj */;
			proxyType = 1;
			remoteGlobalIDString = 8DC2EF4F0486A6940098B216 /* ECFoundation Mac */;
			remoteInfo = "ECFoundation Mac";
		};
		22FDC6C6120615FF00011C6F /* PBXContainerItemProxy */ = {
			isa = PBXContainerItemProxy;
			containerPortal = 0867D690FE84028FC02AAC07 /* Project object */;
			proxyType = 1;
			remoteGlobalIDString = 8DC2EF4F0486A6940098B216;
			remoteInfo = ECFoundation;
		};
		22FDC6C8120615FF00011C6F /* PBXContainerItemProxy */ = {
			isa = PBXContainerItemProxy;
			containerPortal = 0867D690FE84028FC02AAC07 /* Project object */;
			proxyType = 1;
			remoteGlobalIDString = 22FBFE6611DD0D9400578A66;
			remoteInfo = "ECFoundation Touch";
		};
		22FDC6CA120615FF00011C6F /* PBXContainerItemProxy */ = {
			isa = PBXContainerItemProxy;
			containerPortal = 0867D690FE84028FC02AAC07 /* Project object */;
			proxyType = 1;
			remoteGlobalIDString = 225EC67111EBAA4800A97AEA;
			remoteInfo = "ECFoundation SenTest";
		};
		22FDC6CC120615FF00011C6F /* PBXContainerItemProxy */ = {
			isa = PBXContainerItemProxy;
			containerPortal = 0867D690FE84028FC02AAC07 /* Project object */;
			proxyType = 1;
			remoteGlobalIDString = 227333A311EBBA0800695FB4;
			remoteInfo = "ECFoundation GHUnit";
		};
/* End PBXContainerItemProxy section */

/* Begin PBXFileReference section */
		0867D69BFE84028FC02AAC07 /* Foundation.framework */ = {isa = PBXFileReference; lastKnownFileType = wrapper.framework; name = Foundation.framework; path = /System/Library/Frameworks/Foundation.framework; sourceTree = "<absolute>"; };
		1058C7B1FEA5585E11CA2CBB /* Cocoa.framework */ = {isa = PBXFileReference; lastKnownFileType = wrapper.framework; name = Cocoa.framework; path = /System/Library/Frameworks/Cocoa.framework; sourceTree = "<absolute>"; };
		223CBAD71205C51F0008A641 /* GHUnitTestMain.m */ = {isa = PBXFileReference; fileEncoding = 4; lastKnownFileType = sourcecode.c.objc; path = GHUnitTestMain.m; sourceTree = "<group>"; };
		223CBAE61205C6380008A641 /* Foundation.framework */ = {isa = PBXFileReference; lastKnownFileType = wrapper.framework; name = Foundation.framework; path = System/Library/Frameworks/Foundation.framework; sourceTree = SDKROOT; };
		223CBAFC1205C7680008A641 /* ECFoundation GHUnit.plist */ = {isa = PBXFileReference; fileEncoding = 4; lastKnownFileType = text.plist.xml; path = "ECFoundation GHUnit.plist"; sourceTree = "<group>"; };
		223CBAFD1205C7680008A641 /* ECFoundation SenTest.plist */ = {isa = PBXFileReference; fileEncoding = 4; lastKnownFileType = text.plist.xml; path = "ECFoundation SenTest.plist"; sourceTree = "<group>"; };
		225EC67211EBAA4800A97AEA /* ECTwitter Unit Tests.octest */ = {isa = PBXFileReference; explicitFileType = wrapper.cfbundle; includeInIndex = 0; path = "ECTwitter Unit Tests.octest"; sourceTree = BUILT_PRODUCTS_DIR; };
		227290AC124A4CC200A9881F /* ECFoundation.plist */ = {isa = PBXFileReference; fileEncoding = 4; lastKnownFileType = text.plist.xml; path = ECFoundation.plist; sourceTree = "<group>"; };
		227290AE124A4CC200A9881F /* English */ = {isa = PBXFileReference; fileEncoding = 4; lastKnownFileType = text.plist.strings; name = English; path = English.lproj/InfoPlist.strings; sourceTree = "<group>"; };
		227333A411EBBA0800695FB4 /* GHUnit Tests.app */ = {isa = PBXFileReference; explicitFileType = wrapper.application; includeInIndex = 0; path = "GHUnit Tests.app"; sourceTree = BUILT_PRODUCTS_DIR; };
		227333B811EBBA3000695FB4 /* GHUnit.framework */ = {isa = PBXFileReference; lastKnownFileType = wrapper.framework; name = GHUnit.framework; path = Library/Frameworks/GHUnit.framework; sourceTree = SDKROOT; };
		2290455712E8715B006D8278 /* ECTwitterAdHocPrefix.pch */ = {isa = PBXFileReference; fileEncoding = 4; lastKnownFileType = sourcecode.c.h; path = ECTwitterAdHocPrefix.pch; sourceTree = "<group>"; };
		2290455812E8715B006D8278 /* ECTwitterDebugPrefix.pch */ = {isa = PBXFileReference; fileEncoding = 4; lastKnownFileType = sourcecode.c.h; path = ECTwitterDebugPrefix.pch; sourceTree = "<group>"; };
		2290455912E8715B006D8278 /* ECTwitterReleasePrefix.pch */ = {isa = PBXFileReference; fileEncoding = 4; lastKnownFileType = sourcecode.c.h; path = ECTwitterReleasePrefix.pch; sourceTree = "<group>"; };
		2290455A12E8715B006D8278 /* ECTwitterSharedPrefix.pch */ = {isa = PBXFileReference; fileEncoding = 4; lastKnownFileType = sourcecode.c.h; path = ECTwitterSharedPrefix.pch; sourceTree = "<group>"; };
		2290456412E8716F006D8278 /* ECTwitterCache.h */ = {isa = PBXFileReference; fileEncoding = 4; lastKnownFileType = sourcecode.c.h; path = ECTwitterCache.h; sourceTree = "<group>"; };
		2290456512E8716F006D8278 /* ECTwitterCache.m */ = {isa = PBXFileReference; fileEncoding = 4; lastKnownFileType = sourcecode.c.objc; path = ECTwitterCache.m; sourceTree = "<group>"; };
		2290456612E8716F006D8278 /* ECTwitterCachedObject.h */ = {isa = PBXFileReference; fileEncoding = 4; lastKnownFileType = sourcecode.c.h; path = ECTwitterCachedObject.h; sourceTree = "<group>"; };
		2290456712E8716F006D8278 /* ECTwitterCachedObject.m */ = {isa = PBXFileReference; fileEncoding = 4; lastKnownFileType = sourcecode.c.objc; path = ECTwitterCachedObject.m; sourceTree = "<group>"; };
		2290456812E8716F006D8278 /* ECTwitterEngine.h */ = {isa = PBXFileReference; fileEncoding = 4; lastKnownFileType = sourcecode.c.h; path = ECTwitterEngine.h; sourceTree = "<group>"; };
		2290456912E8716F006D8278 /* ECTwitterEngine.m */ = {isa = PBXFileReference; fileEncoding = 4; lastKnownFileType = sourcecode.c.objc; path = ECTwitterEngine.m; sourceTree = "<group>"; };
		2290456A12E8716F006D8278 /* ECTwitterHandler.h */ = {isa = PBXFileReference; fileEncoding = 4; lastKnownFileType = sourcecode.c.h; path = ECTwitterHandler.h; sourceTree = "<group>"; };
		2290456B12E8716F006D8278 /* ECTwitterHandler.m */ = {isa = PBXFileReference; fileEncoding = 4; lastKnownFileType = sourcecode.c.objc; path = ECTwitterHandler.m; sourceTree = "<group>"; };
		2290456C12E8716F006D8278 /* ECTwitterID.h */ = {isa = PBXFileReference; fileEncoding = 4; lastKnownFileType = sourcecode.c.h; path = ECTwitterID.h; sourceTree = "<group>"; };
		2290456D12E8716F006D8278 /* ECTwitterID.m */ = {isa = PBXFileReference; fileEncoding = 4; lastKnownFileType = sourcecode.c.objc; path = ECTwitterID.m; sourceTree = "<group>"; };
		2290456E12E8716F006D8278 /* ECTwitterPlace.h */ = {isa = PBXFileReference; fileEncoding = 4; lastKnownFileType = sourcecode.c.h; path = ECTwitterPlace.h; sourceTree = "<group>"; };
		2290456F12E8716F006D8278 /* ECTwitterPlace.m */ = {isa = PBXFileReference; fileEncoding = 4; lastKnownFileType = sourcecode.c.objc; path = ECTwitterPlace.m; sourceTree = "<group>"; };
		2290457012E8716F006D8278 /* ECTwitterTweet.h */ = {isa = PBXFileReference; fileEncoding = 4; lastKnownFileType = sourcecode.c.h; path = ECTwitterTweet.h; sourceTree = "<group>"; };
		2290457112E8716F006D8278 /* ECTwitterTweet.h.orig */ = {isa = PBXFileReference; fileEncoding = 4; lastKnownFileType = text; path = ECTwitterTweet.h.orig; sourceTree = "<group>"; };
		2290457212E8716F006D8278 /* ECTwitterTweet.m */ = {isa = PBXFileReference; fileEncoding = 4; lastKnownFileType = sourcecode.c.objc; path = ECTwitterTweet.m; sourceTree = "<group>"; };
		2290457312E8716F006D8278 /* ECTwitterTweet.m.orig */ = {isa = PBXFileReference; fileEncoding = 4; lastKnownFileType = text; path = ECTwitterTweet.m.orig; sourceTree = "<group>"; };
		2290457412E8716F006D8278 /* ECTwitterUser.h */ = {isa = PBXFileReference; fileEncoding = 4; lastKnownFileType = sourcecode.c.h; path = ECTwitterUser.h; sourceTree = "<group>"; };
		2290457512E8716F006D8278 /* ECTwitterUser.h.orig */ = {isa = PBXFileReference; fileEncoding = 4; lastKnownFileType = text; path = ECTwitterUser.h.orig; sourceTree = "<group>"; };
		2290457612E8716F006D8278 /* ECTwitterUser.m */ = {isa = PBXFileReference; fileEncoding = 4; lastKnownFileType = sourcecode.c.objc; path = ECTwitterUser.m; sourceTree = "<group>"; };
		2290464E12E87502006D8278 /* ECFoundationAdHocSettings.xcconfig */ = {isa = PBXFileReference; fileEncoding = 4; lastKnownFileType = text.xcconfig; path = ECFoundationAdHocSettings.xcconfig; sourceTree = "<group>"; };
		2290464F12E87502006D8278 /* ECFoundationDebugSettings.xcconfig */ = {isa = PBXFileReference; fileEncoding = 4; lastKnownFileType = text.xcconfig; path = ECFoundationDebugSettings.xcconfig; sourceTree = "<group>"; };
		2290465012E87502006D8278 /* ECFoundationReleaseSettings.xcconfig */ = {isa = PBXFileReference; fileEncoding = 4; lastKnownFileType = text.xcconfig; path = ECFoundationReleaseSettings.xcconfig; sourceTree = "<group>"; };
		2290465112E87502006D8278 /* ECFoundationSharedSettings.xcconfig */ = {isa = PBXFileReference; fileEncoding = 4; lastKnownFileType = text.xcconfig; path = ECFoundationSharedSettings.xcconfig; sourceTree = "<group>"; };
		2290465212E87502006D8278 /* ECIOSAdHocSettings.xcconfig */ = {isa = PBXFileReference; fileEncoding = 4; lastKnownFileType = text.xcconfig; path = ECIOSAdHocSettings.xcconfig; sourceTree = "<group>"; };
		2290465312E87502006D8278 /* ECIOSDebugSettings.xcconfig */ = {isa = PBXFileReference; fileEncoding = 4; lastKnownFileType = text.xcconfig; path = ECIOSDebugSettings.xcconfig; sourceTree = "<group>"; };
		2290465412E87502006D8278 /* ECIOSReleaseSettings.xcconfig */ = {isa = PBXFileReference; fileEncoding = 4; lastKnownFileType = text.xcconfig; path = ECIOSReleaseSettings.xcconfig; sourceTree = "<group>"; };
		2290465512E87502006D8278 /* ECIOSSharedSettings.xcconfig */ = {isa = PBXFileReference; fileEncoding = 4; lastKnownFileType = text.xcconfig; path = ECIOSSharedSettings.xcconfig; sourceTree = "<group>"; };
		2290465612E87502006D8278 /* ECMacDebugSettings.xcconfig */ = {isa = PBXFileReference; fileEncoding = 4; lastKnownFileType = text.xcconfig; path = ECMacDebugSettings.xcconfig; sourceTree = "<group>"; };
		2290465712E87502006D8278 /* ECMacReleaseSettings.xcconfig */ = {isa = PBXFileReference; fileEncoding = 4; lastKnownFileType = text.xcconfig; path = ECMacReleaseSettings.xcconfig; sourceTree = "<group>"; };
		2290465812E87502006D8278 /* ECMacSharedSettings.xcconfig */ = {isa = PBXFileReference; fileEncoding = 4; lastKnownFileType = text.xcconfig; path = ECMacSharedSettings.xcconfig; sourceTree = "<group>"; };
		2290465912E87502006D8278 /* ECFoundation.xcodeproj */ = {isa = PBXFileReference; lastKnownFileType = "wrapper.pb-project"; name = ECFoundation.xcodeproj; path = ../ECFoundation/ECFoundation.xcodeproj; sourceTree = SOURCE_ROOT; };
		2290468E12E87585006D8278 /* CoreLocation.framework */ = {isa = PBXFileReference; lastKnownFileType = wrapper.framework; name = CoreLocation.framework; path = /System/Library/Frameworks/CoreLocation.framework; sourceTree = "<absolute>"; };
		22FBFE6711DD0D9400578A66 /* libECTwitter.a */ = {isa = PBXFileReference; explicitFileType = archive.ar; includeInIndex = 0; path = libECTwitter.a; sourceTree = BUILT_PRODUCTS_DIR; };
		8DC2EF5B0486A6940098B216 /* ECTwitter.framework */ = {isa = PBXFileReference; explicitFileType = wrapper.framework; includeInIndex = 0; path = ECTwitter.framework; sourceTree = BUILT_PRODUCTS_DIR; };
/* End PBXFileReference section */

/* Begin PBXFrameworksBuildPhase section */
		225EC66F11EBAA4800A97AEA /* Frameworks */ = {
			isa = PBXFrameworksBuildPhase;
			buildActionMask = 2147483647;
			files = (
				225EC6AB11EBAF4900A97AEA /* ECTwitter.framework in Frameworks */,
			);
			runOnlyForDeploymentPostprocessing = 0;
		};
		227333A211EBBA0800695FB4 /* Frameworks */ = {
			isa = PBXFrameworksBuildPhase;
			buildActionMask = 2147483647;
			files = (
				227333B511EBBA2800695FB4 /* ECTwitter.framework in Frameworks */,
				227333B911EBBA3000695FB4 /* GHUnit.framework in Frameworks */,
			);
			runOnlyForDeploymentPostprocessing = 0;
		};
		22FBFE6511DD0D9400578A66 /* Frameworks */ = {
			isa = PBXFrameworksBuildPhase;
			buildActionMask = 2147483647;
			files = (
			);
			runOnlyForDeploymentPostprocessing = 0;
		};
		8DC2EF560486A6940098B216 /* Frameworks */ = {
			isa = PBXFrameworksBuildPhase;
			buildActionMask = 2147483647;
			files = (
				2290467812E87527006D8278 /* ECFoundation.framework in Frameworks */,
				8DC2EF570486A6940098B216 /* Cocoa.framework in Frameworks */,
				2290468F12E87585006D8278 /* CoreLocation.framework in Frameworks */,
			);
			runOnlyForDeploymentPostprocessing = 0;
		};
/* End PBXFrameworksBuildPhase section */

/* Begin PBXGroup section */
		034768DFFF38A50411DB9C8B /* products */ = {
			isa = PBXGroup;
			children = (
				8DC2EF5B0486A6940098B216 /* ECTwitter.framework */,
				22FBFE6711DD0D9400578A66 /* libECTwitter.a */,
				225EC67211EBAA4800A97AEA /* ECTwitter Unit Tests.octest */,
				227333A411EBBA0800695FB4 /* GHUnit Tests.app */,
			);
			name = products;
			sourceTree = "<group>";
		};
		0867D691FE84028FC02AAC07 /* ECFoundation */ = {
			isa = PBXGroup;
			children = (
				08FB77AEFE84172EC02AAC07 /* source */,
				089C1665FE841158C02AAC07 /* resources */,
				0867D69AFE84028FC02AAC07 /* frameworks */,
				034768DFFF38A50411DB9C8B /* products */,
				2290468E12E87585006D8278 /* CoreLocation.framework */,
			);
			name = ECFoundation;
			sourceTree = "<group>";
		};
		0867D69AFE84028FC02AAC07 /* frameworks */ = {
			isa = PBXGroup;
			children = (
				2290464C12E87502006D8278 /* ECFoundation */,
				223CBAE11205C5930008A641 /* iOS */,
				1058C7B0FEA5585E11CA2CBB /* MacOS */,
				1058C7B2FEA5585E11CA2CBB /* Testing */,
			);
			name = frameworks;
			sourceTree = "<group>";
		};
		089C1665FE841158C02AAC07 /* resources */ = {
			isa = PBXGroup;
			children = (
				227290AB124A4CC200A9881F /* mac */,
				223CBAFB1205C7680008A641 /* tests */,
			);
			name = resources;
			sourceTree = "<group>";
		};
		08FB77AEFE84172EC02AAC07 /* source */ = {
			isa = PBXGroup;
			children = (
				2290456312E8716F006D8278 /* general */,
				2290455612E8715B006D8278 /* prefix */,
				227333BC11EBBAA400695FB4 /* tests */,
			);
			name = source;
			sourceTree = "<group>";
		};
		1058C7B0FEA5585E11CA2CBB /* MacOS */ = {
			isa = PBXGroup;
			children = (
				0867D69BFE84028FC02AAC07 /* Foundation.framework */,
				1058C7B1FEA5585E11CA2CBB /* Cocoa.framework */,
			);
			name = MacOS;
			sourceTree = "<group>";
		};
		1058C7B2FEA5585E11CA2CBB /* Testing */ = {
			isa = PBXGroup;
			children = (
				227333B811EBBA3000695FB4 /* GHUnit.framework */,
			);
			name = Testing;
			sourceTree = "<group>";
		};
		223CBAD61205C51F0008A641 /* ghunit */ = {
			isa = PBXGroup;
			children = (
				223CBAD71205C51F0008A641 /* GHUnitTestMain.m */,
			);
			path = ghunit;
			sourceTree = "<group>";
		};
		223CBAE11205C5930008A641 /* iOS */ = {
			isa = PBXGroup;
			children = (
				223CBAE61205C6380008A641 /* Foundation.framework */,
			);
			name = iOS;
			sourceTree = "<group>";
		};
		223CBAFB1205C7680008A641 /* tests */ = {
			isa = PBXGroup;
			children = (
				223CBAFC1205C7680008A641 /* ECFoundation GHUnit.plist */,
				223CBAFD1205C7680008A641 /* ECFoundation SenTest.plist */,
			);
			name = tests;
			path = resources/tests;
			sourceTree = "<group>";
		};
		227290AB124A4CC200A9881F /* mac */ = {
			isa = PBXGroup;
			children = (
				227290AC124A4CC200A9881F /* ECFoundation.plist */,
				227290AD124A4CC200A9881F /* InfoPlist.strings */,
			);
			name = mac;
			path = resources/mac;
			sourceTree = "<group>";
		};
		227333BC11EBBAA400695FB4 /* tests */ = {
			isa = PBXGroup;
			children = (
				223CBAD61205C51F0008A641 /* ghunit */,
			);
			name = tests;
			path = source/tests;
			sourceTree = "<group>";
		};
		2290455612E8715B006D8278 /* prefix */ = {
			isa = PBXGroup;
			children = (
				2290455712E8715B006D8278 /* ECTwitterAdHocPrefix.pch */,
				2290455812E8715B006D8278 /* ECTwitterDebugPrefix.pch */,
				2290455912E8715B006D8278 /* ECTwitterReleasePrefix.pch */,
				2290455A12E8715B006D8278 /* ECTwitterSharedPrefix.pch */,
			);
			name = prefix;
			path = source/prefix;
			sourceTree = "<group>";
		};
		2290456312E8716F006D8278 /* general */ = {
			isa = PBXGroup;
			children = (
				2290456412E8716F006D8278 /* ECTwitterCache.h */,
				2290456512E8716F006D8278 /* ECTwitterCache.m */,
				2290456612E8716F006D8278 /* ECTwitterCachedObject.h */,
				2290456712E8716F006D8278 /* ECTwitterCachedObject.m */,
				2290456812E8716F006D8278 /* ECTwitterEngine.h */,
				2290456912E8716F006D8278 /* ECTwitterEngine.m */,
				2290456A12E8716F006D8278 /* ECTwitterHandler.h */,
				2290456B12E8716F006D8278 /* ECTwitterHandler.m */,
				2290456C12E8716F006D8278 /* ECTwitterID.h */,
				2290456D12E8716F006D8278 /* ECTwitterID.m */,
				2290456E12E8716F006D8278 /* ECTwitterPlace.h */,
				2290456F12E8716F006D8278 /* ECTwitterPlace.m */,
				2290457012E8716F006D8278 /* ECTwitterTweet.h */,
				2290457112E8716F006D8278 /* ECTwitterTweet.h.orig */,
				2290457212E8716F006D8278 /* ECTwitterTweet.m */,
				2290457312E8716F006D8278 /* ECTwitterTweet.m.orig */,
				2290457412E8716F006D8278 /* ECTwitterUser.h */,
				2290457512E8716F006D8278 /* ECTwitterUser.h.orig */,
				2290457612E8716F006D8278 /* ECTwitterUser.m */,
			);
			name = general;
			path = source/general;
			sourceTree = "<group>";
		};
		2290464C12E87502006D8278 /* ECFoundation */ = {
			isa = PBXGroup;
			children = (
				2290464D12E87502006D8278 /* configuration */,
				2290465912E87502006D8278 /* ECFoundation.xcodeproj */,
			);
			name = ECFoundation;
			sourceTree = "<group>";
		};
		2290464D12E87502006D8278 /* configuration */ = {
			isa = PBXGroup;
			children = (
				2290464E12E87502006D8278 /* ECFoundationAdHocSettings.xcconfig */,
				2290464F12E87502006D8278 /* ECFoundationDebugSettings.xcconfig */,
				2290465012E87502006D8278 /* ECFoundationReleaseSettings.xcconfig */,
				2290465112E87502006D8278 /* ECFoundationSharedSettings.xcconfig */,
				2290465212E87502006D8278 /* ECIOSAdHocSettings.xcconfig */,
				2290465312E87502006D8278 /* ECIOSDebugSettings.xcconfig */,
				2290465412E87502006D8278 /* ECIOSReleaseSettings.xcconfig */,
				2290465512E87502006D8278 /* ECIOSSharedSettings.xcconfig */,
				2290465612E87502006D8278 /* ECMacDebugSettings.xcconfig */,
				2290465712E87502006D8278 /* ECMacReleaseSettings.xcconfig */,
				2290465812E87502006D8278 /* ECMacSharedSettings.xcconfig */,
			);
			name = configuration;
			path = ../ECFoundation/source/configuration;
			sourceTree = SOURCE_ROOT;
		};
		2290465A12E87502006D8278 /* Products */ = {
			isa = PBXGroup;
			children = (
				2290466D12E87502006D8278 /* ECFoundation.framework */,
				2290466F12E87502006D8278 /* libECFoundation.a */,
				2290467112E87502006D8278 /* EC Foundation Unit Tests.octest */,
				2290467312E87502006D8278 /* GHUnit Tests.app */,
			);
			name = Products;
			sourceTree = "<group>";
		};
/* End PBXGroup section */

/* Begin PBXHeadersBuildPhase section */
		22FBFE6311DD0D9400578A66 /* Headers */ = {
			isa = PBXHeadersBuildPhase;
			buildActionMask = 2147483647;
			files = (
				2290455F12E8715C006D8278 /* ECTwitterAdHocPrefix.pch in Headers */,
				2290456012E8715C006D8278 /* ECTwitterDebugPrefix.pch in Headers */,
				2290456112E8715C006D8278 /* ECTwitterReleasePrefix.pch in Headers */,
				2290456212E8715C006D8278 /* ECTwitterSharedPrefix.pch in Headers */,
				2290458A12E8716F006D8278 /* ECTwitterCache.h in Headers */,
				2290458C12E8716F006D8278 /* ECTwitterCachedObject.h in Headers */,
				2290458E12E8716F006D8278 /* ECTwitterEngine.h in Headers */,
				2290459012E8716F006D8278 /* ECTwitterHandler.h in Headers */,
				2290459212E8716F006D8278 /* ECTwitterID.h in Headers */,
				2290459412E8716F006D8278 /* ECTwitterPlace.h in Headers */,
				2290459612E8716F006D8278 /* ECTwitterTweet.h in Headers */,
				2290459812E8716F006D8278 /* ECTwitterUser.h in Headers */,
			);
			runOnlyForDeploymentPostprocessing = 0;
		};
		8DC2EF500486A6940098B216 /* Headers */ = {
			isa = PBXHeadersBuildPhase;
			buildActionMask = 2147483647;
			files = (
				2290455B12E8715C006D8278 /* ECTwitterAdHocPrefix.pch in Headers */,
				2290455C12E8715C006D8278 /* ECTwitterDebugPrefix.pch in Headers */,
				2290455D12E8715C006D8278 /* ECTwitterReleasePrefix.pch in Headers */,
				2290455E12E8715C006D8278 /* ECTwitterSharedPrefix.pch in Headers */,
				2290457712E8716F006D8278 /* ECTwitterCache.h in Headers */,
				2290457912E8716F006D8278 /* ECTwitterCachedObject.h in Headers */,
				2290457B12E8716F006D8278 /* ECTwitterEngine.h in Headers */,
				2290457D12E8716F006D8278 /* ECTwitterHandler.h in Headers */,
				2290457F12E8716F006D8278 /* ECTwitterID.h in Headers */,
				2290458112E8716F006D8278 /* ECTwitterPlace.h in Headers */,
				2290458312E8716F006D8278 /* ECTwitterTweet.h in Headers */,
				2290458712E8716F006D8278 /* ECTwitterUser.h in Headers */,
			);
			runOnlyForDeploymentPostprocessing = 0;
		};
/* End PBXHeadersBuildPhase section */

/* Begin PBXNativeTarget section */
		225EC67111EBAA4800A97AEA /* ECTwitter SenTest */ = {
			isa = PBXNativeTarget;
			buildConfigurationList = 225EC67611EBAA4800A97AEA /* Build configuration list for PBXNativeTarget "ECTwitter SenTest" */;
			buildPhases = (
				225EC66D11EBAA4800A97AEA /* Resources */,
				225EC66E11EBAA4800A97AEA /* Sources */,
				225EC66F11EBAA4800A97AEA /* Frameworks */,
				225EC67011EBAA4800A97AEA /* ShellScript */,
			);
			buildRules = (
			);
			dependencies = (
				225EC67A11EBAB8100A97AEA /* PBXTargetDependency */,
			);
			name = "ECTwitter SenTest";
			productName = "EC Foundation Unit Tests";
			productReference = 225EC67211EBAA4800A97AEA /* ECTwitter Unit Tests.octest */;
			productType = "com.apple.product-type.bundle";
		};
		227333A311EBBA0800695FB4 /* ECTwitter GHUnit */ = {
			isa = PBXNativeTarget;
			buildConfigurationList = 227333B211EBBA0800695FB4 /* Build configuration list for PBXNativeTarget "ECTwitter GHUnit" */;
			buildPhases = (
				227333A011EBBA0800695FB4 /* Resources */,
				227333A111EBBA0800695FB4 /* Sources */,
				227333A211EBBA0800695FB4 /* Frameworks */,
				2255AE6811ECBF4100423A95 /* ShellScript */,
			);
			buildRules = (
			);
			dependencies = (
				227333B411EBBA2300695FB4 /* PBXTargetDependency */,
			);
			name = "ECTwitter GHUnit";
			productName = "GHUnit Tests";
			productReference = 227333A411EBBA0800695FB4 /* GHUnit Tests.app */;
			productType = "com.apple.product-type.application";
		};
		22FBFE6611DD0D9400578A66 /* ECTwitter iOS */ = {
			isa = PBXNativeTarget;
			buildConfigurationList = 22FBFE7B11DD0E0000578A66 /* Build configuration list for PBXNativeTarget "ECTwitter iOS" */;
			buildPhases = (
				22FBFE6311DD0D9400578A66 /* Headers */,
				22FBFE6411DD0D9400578A66 /* Sources */,
				22FBFE6511DD0D9400578A66 /* Frameworks */,
			);
			buildRules = (
			);
			dependencies = (
			);
			name = "ECTwitter iOS";
			productName = "ECFoundation Touch";
			productReference = 22FBFE6711DD0D9400578A66 /* libECTwitter.a */;
			productType = "com.apple.product-type.library.static";
		};
		8DC2EF4F0486A6940098B216 /* ECTwitter Mac */ = {
			isa = PBXNativeTarget;
			buildConfigurationList = 1DEB91AD08733DA50010E9CD /* Build configuration list for PBXNativeTarget "ECTwitter Mac" */;
			buildPhases = (
				8DC2EF520486A6940098B216 /* Resources */,
				8DC2EF500486A6940098B216 /* Headers */,
				8DC2EF540486A6940098B216 /* Sources */,
				8DC2EF560486A6940098B216 /* Frameworks */,
			);
			buildRules = (
			);
			dependencies = (
				2290468B12E8755F006D8278 /* PBXTargetDependency */,
			);
			name = "ECTwitter Mac";
			productInstallPath = "$(HOME)/Library/Frameworks";
			productName = ECFoundation;
			productReference = 8DC2EF5B0486A6940098B216 /* ECTwitter.framework */;
			productType = "com.apple.product-type.framework";
		};
/* End PBXNativeTarget section */

/* Begin PBXProject section */
		0867D690FE84028FC02AAC07 /* Project object */ = {
			isa = PBXProject;
			buildConfigurationList = 1DEB91B108733DA50010E9CD /* Build configuration list for PBXProject "ECTwitter" */;
			compatibilityVersion = "Xcode 3.1";
			developmentRegion = English;
			hasScannedForEncodings = 1;
			knownRegions = (
				English,
				Japanese,
				French,
				German,
				en,
			);
			mainGroup = 0867D691FE84028FC02AAC07 /* ECFoundation */;
			productRefGroup = 034768DFFF38A50411DB9C8B /* products */;
			projectDirPath = "";
			projectReferences = (
				{
					ProductGroup = 2290465A12E87502006D8278 /* Products */;
					ProjectRef = 2290465912E87502006D8278 /* ECFoundation.xcodeproj */;
				},
			);
			projectRoot = "";
			targets = (
				8DC2EF4F0486A6940098B216 /* ECTwitter Mac */,
				22FBFE6611DD0D9400578A66 /* ECTwitter iOS */,
				225EC67111EBAA4800A97AEA /* ECTwitter SenTest */,
				227333A311EBBA0800695FB4 /* ECTwitter GHUnit */,
				22FDC6C2120615F900011C6F /* Everything */,
			);
		};
/* End PBXProject section */

/* Begin PBXReferenceProxy section */
		2290466D12E87502006D8278 /* ECFoundation.framework */ = {
			isa = PBXReferenceProxy;
			fileType = wrapper.framework;
			path = ECFoundation.framework;
			remoteRef = 2290466C12E87502006D8278 /* PBXContainerItemProxy */;
			sourceTree = BUILT_PRODUCTS_DIR;
		};
		2290466F12E87502006D8278 /* libECFoundation.a */ = {
			isa = PBXReferenceProxy;
			fileType = archive.ar;
			path = libECFoundation.a;
			remoteRef = 2290466E12E87502006D8278 /* PBXContainerItemProxy */;
			sourceTree = BUILT_PRODUCTS_DIR;
		};
		2290467112E87502006D8278 /* EC Foundation Unit Tests.octest */ = {
			isa = PBXReferenceProxy;
			fileType = wrapper.cfbundle;
			path = "EC Foundation Unit Tests.octest";
			remoteRef = 2290467012E87502006D8278 /* PBXContainerItemProxy */;
			sourceTree = BUILT_PRODUCTS_DIR;
		};
		2290467312E87502006D8278 /* GHUnit Tests.app */ = {
			isa = PBXReferenceProxy;
			fileType = wrapper.application;
			path = "GHUnit Tests.app";
			remoteRef = 2290467212E87502006D8278 /* PBXContainerItemProxy */;
			sourceTree = BUILT_PRODUCTS_DIR;
		};
/* End PBXReferenceProxy section */

/* Begin PBXResourcesBuildPhase section */
		225EC66D11EBAA4800A97AEA /* Resources */ = {
			isa = PBXResourcesBuildPhase;
			buildActionMask = 2147483647;
			files = (
			);
			runOnlyForDeploymentPostprocessing = 0;
		};
		227333A011EBBA0800695FB4 /* Resources */ = {
			isa = PBXResourcesBuildPhase;
			buildActionMask = 2147483647;
			files = (
			);
			runOnlyForDeploymentPostprocessing = 0;
		};
		8DC2EF520486A6940098B216 /* Resources */ = {
			isa = PBXResourcesBuildPhase;
			buildActionMask = 2147483647;
			files = (
				227290B0124A4CC200A9881F /* InfoPlist.strings in Resources */,
				2290458412E8716F006D8278 /* ECTwitterTweet.h.orig in Resources */,
				2290458612E8716F006D8278 /* ECTwitterTweet.m.orig in Resources */,
				2290458812E8716F006D8278 /* ECTwitterUser.h.orig in Resources */,
				2290465C12E87502006D8278 /* ECFoundationAdHocSettings.xcconfig in Resources */,
				2290465D12E87502006D8278 /* ECFoundationDebugSettings.xcconfig in Resources */,
				2290465E12E87502006D8278 /* ECFoundationReleaseSettings.xcconfig in Resources */,
				2290465F12E87502006D8278 /* ECFoundationSharedSettings.xcconfig in Resources */,
				2290466012E87502006D8278 /* ECIOSAdHocSettings.xcconfig in Resources */,
				2290466112E87502006D8278 /* ECIOSDebugSettings.xcconfig in Resources */,
				2290466212E87502006D8278 /* ECIOSReleaseSettings.xcconfig in Resources */,
				2290466312E87502006D8278 /* ECIOSSharedSettings.xcconfig in Resources */,
				2290466412E87502006D8278 /* ECMacDebugSettings.xcconfig in Resources */,
				2290466512E87502006D8278 /* ECMacReleaseSettings.xcconfig in Resources */,
				2290466612E87502006D8278 /* ECMacSharedSettings.xcconfig in Resources */,
			);
			runOnlyForDeploymentPostprocessing = 0;
		};
/* End PBXResourcesBuildPhase section */

/* Begin PBXShellScriptBuildPhase section */
		2255AE6811ECBF4100423A95 /* ShellScript */ = {
			isa = PBXShellScriptBuildPhase;
			buildActionMask = 2147483647;
			files = (
			);
			inputPaths = (
			);
			outputPaths = (
			);
			runOnlyForDeploymentPostprocessing = 0;
			shellPath = /bin/sh;
			shellScript = "scripts/run-tests.sh";
			showEnvVarsInLog = 0;
		};
		225EC67011EBAA4800A97AEA /* ShellScript */ = {
			isa = PBXShellScriptBuildPhase;
			buildActionMask = 2147483647;
			files = (
			);
			inputPaths = (
			);
			outputPaths = (
			);
			runOnlyForDeploymentPostprocessing = 0;
			shellPath = /bin/sh;
			shellScript = "# Run the unit tests in this test bundle.\n\"${SYSTEM_DEVELOPER_DIR}/Tools/RunUnitTests\"\n";
			showEnvVarsInLog = 0;
		};
/* End PBXShellScriptBuildPhase section */

/* Begin PBXSourcesBuildPhase section */
		225EC66E11EBAA4800A97AEA /* Sources */ = {
			isa = PBXSourcesBuildPhase;
			buildActionMask = 2147483647;
			files = (
			);
			runOnlyForDeploymentPostprocessing = 0;
		};
		227333A111EBBA0800695FB4 /* Sources */ = {
			isa = PBXSourcesBuildPhase;
			buildActionMask = 2147483647;
			files = (
				223CBAD81205C51F0008A641 /* GHUnitTestMain.m in Sources */,
			);
			runOnlyForDeploymentPostprocessing = 0;
		};
		22FBFE6411DD0D9400578A66 /* Sources */ = {
			isa = PBXSourcesBuildPhase;
			buildActionMask = 2147483647;
			files = (
				2290458B12E8716F006D8278 /* ECTwitterCache.m in Sources */,
				2290458D12E8716F006D8278 /* ECTwitterCachedObject.m in Sources */,
				2290458F12E8716F006D8278 /* ECTwitterEngine.m in Sources */,
				2290459112E8716F006D8278 /* ECTwitterHandler.m in Sources */,
				2290459312E8716F006D8278 /* ECTwitterID.m in Sources */,
				2290459512E8716F006D8278 /* ECTwitterPlace.m in Sources */,
				2290459712E8716F006D8278 /* ECTwitterTweet.m in Sources */,
				2290459912E8716F006D8278 /* ECTwitterUser.m in Sources */,
			);
			runOnlyForDeploymentPostprocessing = 0;
		};
		8DC2EF540486A6940098B216 /* Sources */ = {
			isa = PBXSourcesBuildPhase;
			buildActionMask = 2147483647;
			files = (
				2290457812E8716F006D8278 /* ECTwitterCache.m in Sources */,
				2290457A12E8716F006D8278 /* ECTwitterCachedObject.m in Sources */,
				2290457C12E8716F006D8278 /* ECTwitterEngine.m in Sources */,
				2290457E12E8716F006D8278 /* ECTwitterHandler.m in Sources */,
				2290458012E8716F006D8278 /* ECTwitterID.m in Sources */,
				2290458212E8716F006D8278 /* ECTwitterPlace.m in Sources */,
				2290458512E8716F006D8278 /* ECTwitterTweet.m in Sources */,
				2290458912E8716F006D8278 /* ECTwitterUser.m in Sources */,
			);
			runOnlyForDeploymentPostprocessing = 0;
		};
/* End PBXSourcesBuildPhase section */

/* Begin PBXTargetDependency section */
		225EC67A11EBAB8100A97AEA /* PBXTargetDependency */ = {
			isa = PBXTargetDependency;
			target = 8DC2EF4F0486A6940098B216 /* ECTwitter Mac */;
			targetProxy = 225EC67911EBAB8100A97AEA /* PBXContainerItemProxy */;
		};
		227333B411EBBA2300695FB4 /* PBXTargetDependency */ = {
			isa = PBXTargetDependency;
			target = 8DC2EF4F0486A6940098B216 /* ECTwitter Mac */;
			targetProxy = 227333B311EBBA2300695FB4 /* PBXContainerItemProxy */;
		};
		2290468B12E8755F006D8278 /* PBXTargetDependency */ = {
			isa = PBXTargetDependency;
			name = "ECFoundation Mac";
			targetProxy = 2290468A12E8755F006D8278 /* PBXContainerItemProxy */;
		};
		22FDC6C7120615FF00011C6F /* PBXTargetDependency */ = {
			isa = PBXTargetDependency;
			target = 8DC2EF4F0486A6940098B216 /* ECTwitter Mac */;
			targetProxy = 22FDC6C6120615FF00011C6F /* PBXContainerItemProxy */;
		};
		22FDC6C9120615FF00011C6F /* PBXTargetDependency */ = {
			isa = PBXTargetDependency;
			target = 22FBFE6611DD0D9400578A66 /* ECTwitter iOS */;
			targetProxy = 22FDC6C8120615FF00011C6F /* PBXContainerItemProxy */;
		};
		22FDC6CB120615FF00011C6F /* PBXTargetDependency */ = {
			isa = PBXTargetDependency;
			target = 225EC67111EBAA4800A97AEA /* ECTwitter SenTest */;
			targetProxy = 22FDC6CA120615FF00011C6F /* PBXContainerItemProxy */;
		};
		22FDC6CD120615FF00011C6F /* PBXTargetDependency */ = {
			isa = PBXTargetDependency;
			target = 227333A311EBBA0800695FB4 /* ECTwitter GHUnit */;
			targetProxy = 22FDC6CC120615FF00011C6F /* PBXContainerItemProxy */;
		};
/* End PBXTargetDependency section */

/* Begin PBXVariantGroup section */
		227290AD124A4CC200A9881F /* InfoPlist.strings */ = {
			isa = PBXVariantGroup;
			children = (
				227290AE124A4CC200A9881F /* English */,
			);
			name = InfoPlist.strings;
			sourceTree = "<group>";
		};
/* End PBXVariantGroup section */

/* Begin XCBuildConfiguration section */
		1DEB91AE08733DA50010E9CD /* Debug */ = {
			isa = XCBuildConfiguration;
			buildSettings = {
				DYLIB_COMPATIBILITY_VERSION = 1;
				DYLIB_CURRENT_VERSION = 1;
				FRAMEWORK_VERSION = A;
				INFOPLIST_FILE = resources/mac/ECTwitter.plist;
				INSTALL_PATH = "@executable_path/../Frameworks";
				PRODUCT_NAME = ECTwitter;
				SKIP_INSTALL = YES;
				WRAPPER_EXTENSION = framework;
			};
			name = Debug;
		};
		1DEB91AF08733DA50010E9CD /* Release */ = {
			isa = XCBuildConfiguration;
			buildSettings = {
				DYLIB_COMPATIBILITY_VERSION = 1;
				DYLIB_CURRENT_VERSION = 1;
				FRAMEWORK_VERSION = A;
				INFOPLIST_FILE = resources/mac/ECTwitter.plist;
				INSTALL_PATH = "@executable_path/../Frameworks";
				PRODUCT_NAME = ECTwitter;
				SKIP_INSTALL = YES;
				WRAPPER_EXTENSION = framework;
			};
			name = Release;
		};
		1DEB91B208733DA50010E9CD /* Debug */ = {
			isa = XCBuildConfiguration;
			buildSettings = {
				FRAMEWORK_SEARCH_PATHS = (
					..,
					"../ECFoundation/build/$(CONFIGURATION)$(EFFECTIVE_PLATFORM_NAME)",
				);
				GCC_PREFIX_HEADER = "source/prefix/ECTwitter$(CONFIGURATION)Prefix.pch";
				HEADER_SEARCH_PATHS = (
					../RegExKitLite,
					../OAuthConsumer,
					"../MGTwitterEngine/parsers/**",
					../MGTwitterEngine,
				);
			};
			name = Debug;
		};
		1DEB91B308733DA50010E9CD /* Release */ = {
			isa = XCBuildConfiguration;
			buildSettings = {
				FRAMEWORK_SEARCH_PATHS = (
					..,
					"../ECFoundation/build/$(CONFIGURATION)$(EFFECTIVE_PLATFORM_NAME)",
				);
				GCC_PREFIX_HEADER = "source/prefix/ECTwitter$(CONFIGURATION)Prefix.pch";
				HEADER_SEARCH_PATHS = (
					../RegExKitLite,
					../OAuthConsumer,
					"../MGTwitterEngine/parsers/**",
					../MGTwitterEngine,
				);
			};
			name = Release;
		};
		225EC67411EBAA4800A97AEA /* Debug */ = {
			isa = XCBuildConfiguration;
			buildSettings = {
				ALWAYS_SEARCH_USER_PATHS = NO;
				COPY_PHASE_STRIP = NO;
				FRAMEWORK_SEARCH_PATHS = "$(DEVELOPER_LIBRARY_DIR)/Frameworks";
				GCC_DYNAMIC_NO_PIC = NO;
				GCC_ENABLE_FIX_AND_CONTINUE = NO;
				GCC_ENABLE_OBJC_EXCEPTIONS = YES;
				GCC_MODEL_TUNING = G5;
				GCC_OPTIMIZATION_LEVEL = 0;
				GCC_PRECOMPILE_PREFIX_HEADER = YES;
				GCC_PREPROCESSOR_DEFINITIONS = "EC_USE_SEN_TEST=1";
				INFOPLIST_FILE = "resources/tests/ECTwitter SenTest.plist";
				INSTALL_PATH = "$(USER_LIBRARY_DIR)/Bundles";
				ONLY_ACTIVE_ARCH = YES;
				OTHER_LDFLAGS = (
					"-framework",
					Cocoa,
					"-framework",
					SenTestingKit,
				);
				PREBINDING = NO;
				PRODUCT_NAME = "ECTwitter Unit Tests";
				WRAPPER_EXTENSION = octest;
			};
			name = Debug;
		};
		225EC67511EBAA4800A97AEA /* Release */ = {
			isa = XCBuildConfiguration;
			buildSettings = {
				ALWAYS_SEARCH_USER_PATHS = NO;
				COPY_PHASE_STRIP = YES;
				DEBUG_INFORMATION_FORMAT = "dwarf-with-dsym";
				FRAMEWORK_SEARCH_PATHS = "$(DEVELOPER_LIBRARY_DIR)/Frameworks";
				GCC_ENABLE_FIX_AND_CONTINUE = NO;
				GCC_ENABLE_OBJC_EXCEPTIONS = YES;
				GCC_MODEL_TUNING = G5;
				GCC_PRECOMPILE_PREFIX_HEADER = YES;
				GCC_PREPROCESSOR_DEFINITIONS = "EC_USE_SEN_TEST=1";
				INFOPLIST_FILE = "resources/tests/ECTwitter SenTest.plist";
				INSTALL_PATH = "$(USER_LIBRARY_DIR)/Bundles";
				ONLY_ACTIVE_ARCH = YES;
				OTHER_LDFLAGS = (
					"-framework",
					Cocoa,
					"-framework",
					SenTestingKit,
				);
				PREBINDING = NO;
				PRODUCT_NAME = "ECTwitter Unit Tests";
				WRAPPER_EXTENSION = octest;
			};
			name = Release;
		};
		227333B011EBBA0800695FB4 /* Debug */ = {
			isa = XCBuildConfiguration;
			buildSettings = {
				COPY_PHASE_STRIP = NO;
				INFOPLIST_FILE = "resources/tests/ECTwitter GHUnit.plist";
				INSTALL_PATH = "$(HOME)/Applications";
				OTHER_LDFLAGS = (
					"-framework",
					Foundation,
					"-framework",
					AppKit,
				);
				PRODUCT_NAME = "GHUnit Tests";
			};
			name = Debug;
		};
		227333B111EBBA0800695FB4 /* Release */ = {
			isa = XCBuildConfiguration;
			buildSettings = {
				COPY_PHASE_STRIP = YES;
				DEBUG_INFORMATION_FORMAT = "dwarf-with-dsym";
				INFOPLIST_FILE = "resources/tests/ECTwitter GHUnit.plist";
				INSTALL_PATH = "$(HOME)/Applications";
				OTHER_LDFLAGS = (
					"-framework",
					Foundation,
					"-framework",
					AppKit,
				);
				PRODUCT_NAME = "GHUnit Tests";
			};
			name = Release;
		};
		2274C8E811FF841B00E5C351 /* AdHoc */ = {
			isa = XCBuildConfiguration;
			buildSettings = {
				FRAMEWORK_SEARCH_PATHS = (
					..,
					"../ECFoundation/build/$(CONFIGURATION)$(EFFECTIVE_PLATFORM_NAME)",
				);
				GCC_PREFIX_HEADER = "source/prefix/ECTwitter$(CONFIGURATION)Prefix.pch";
				HEADER_SEARCH_PATHS = (
					../RegExKitLite,
					../OAuthConsumer,
					"../MGTwitterEngine/parsers/**",
					../MGTwitterEngine,
				);
			};
			name = AdHoc;
		};
		2274C8E911FF841B00E5C351 /* AdHoc */ = {
			isa = XCBuildConfiguration;
			buildSettings = {
				DYLIB_COMPATIBILITY_VERSION = 1;
				DYLIB_CURRENT_VERSION = 1;
				FRAMEWORK_VERSION = A;
				INFOPLIST_FILE = resources/mac/ECTwitter.plist;
				INSTALL_PATH = "@executable_path/../Frameworks";
				PRODUCT_NAME = ECTwitter;
				SKIP_INSTALL = YES;
				WRAPPER_EXTENSION = framework;
			};
			name = AdHoc;
		};
		2274C8EA11FF841B00E5C351 /* AdHoc */ = {
			isa = XCBuildConfiguration;
			buildSettings = {
				ARCHS = "$(ARCHS_STANDARD_32_BIT)";
				DEAD_CODE_STRIPPING = NO;
				GENERATE_MASTER_OBJECT_FILE = YES;
				PRODUCT_NAME = ECTwitter;
				PUBLIC_HEADERS_FOLDER_PATH = include/ECTwitter;
			};
			name = AdHoc;
		};
		2274C8EB11FF841B00E5C351 /* AdHoc */ = {
			isa = XCBuildConfiguration;
			buildSettings = {
				ALWAYS_SEARCH_USER_PATHS = NO;
				COPY_PHASE_STRIP = YES;
				DEBUG_INFORMATION_FORMAT = "dwarf-with-dsym";
				FRAMEWORK_SEARCH_PATHS = "$(DEVELOPER_LIBRARY_DIR)/Frameworks";
				GCC_ENABLE_FIX_AND_CONTINUE = NO;
				GCC_ENABLE_OBJC_EXCEPTIONS = YES;
				GCC_MODEL_TUNING = G5;
				GCC_PRECOMPILE_PREFIX_HEADER = YES;
				GCC_PREPROCESSOR_DEFINITIONS = "EC_USE_SEN_TEST=1";
				INFOPLIST_FILE = "resources/tests/ECTwitter SenTest.plist";
				INSTALL_PATH = "$(USER_LIBRARY_DIR)/Bundles";
				ONLY_ACTIVE_ARCH = YES;
				OTHER_LDFLAGS = (
					"-framework",
					Cocoa,
					"-framework",
					SenTestingKit,
				);
				PREBINDING = NO;
				PRODUCT_NAME = "ECTwitter Unit Tests";
				WRAPPER_EXTENSION = octest;
			};
			name = AdHoc;
		};
		2274C8EC11FF841B00E5C351 /* AdHoc */ = {
			isa = XCBuildConfiguration;
			buildSettings = {
				COPY_PHASE_STRIP = YES;
				DEBUG_INFORMATION_FORMAT = "dwarf-with-dsym";
				INFOPLIST_FILE = "resources/tests/ECTwitter GHUnit.plist";
				INSTALL_PATH = "$(HOME)/Applications";
				OTHER_LDFLAGS = (
					"-framework",
					Foundation,
					"-framework",
					AppKit,
				);
				PRODUCT_NAME = "GHUnit Tests";
			};
			name = AdHoc;
		};
		22FBFE6811DD0D9400578A66 /* Debug */ = {
			isa = XCBuildConfiguration;
			buildSettings = {
				ARCHS = "$(ARCHS_STANDARD_32_BIT)";
				DEAD_CODE_STRIPPING = NO;
				GENERATE_MASTER_OBJECT_FILE = YES;
				PRODUCT_NAME = ECTwitter;
				PUBLIC_HEADERS_FOLDER_PATH = include/ECTwitter;
			};
			name = Debug;
		};
		22FBFE6911DD0D9400578A66 /* Release */ = {
			isa = XCBuildConfiguration;
			buildSettings = {
				ARCHS = "$(ARCHS_STANDARD_32_BIT)";
				DEAD_CODE_STRIPPING = NO;
				GENERATE_MASTER_OBJECT_FILE = YES;
				PRODUCT_NAME = ECTwitter;
				PUBLIC_HEADERS_FOLDER_PATH = include/ECTwitter;
			};
			name = Release;
		};
		22FDC6C3120615FA00011C6F /* Debug */ = {
			isa = XCBuildConfiguration;
			buildSettings = {
				COPY_PHASE_STRIP = NO;
				GCC_DYNAMIC_NO_PIC = NO;
				GCC_OPTIMIZATION_LEVEL = 0;
				PRODUCT_NAME = Everything;
			};
			name = Debug;
		};
		22FDC6C4120615FA00011C6F /* Release */ = {
			isa = XCBuildConfiguration;
			buildSettings = {
				COPY_PHASE_STRIP = YES;
				DEBUG_INFORMATION_FORMAT = "dwarf-with-dsym";
				GCC_ENABLE_FIX_AND_CONTINUE = NO;
				PRODUCT_NAME = Everything;
				ZERO_LINK = NO;
			};
			name = Release;
		};
		22FDC6C5120615FA00011C6F /* AdHoc */ = {
			isa = XCBuildConfiguration;
			buildSettings = {
				PRODUCT_NAME = Everything;
			};
			name = AdHoc;
		};
/* End XCBuildConfiguration section */

/* Begin XCConfigurationList section */
		1DEB91AD08733DA50010E9CD /* Build configuration list for PBXNativeTarget "ECTwitter Mac" */ = {
			isa = XCConfigurationList;
			buildConfigurations = (
				1DEB91AE08733DA50010E9CD /* Debug */,
				1DEB91AF08733DA50010E9CD /* Release */,
				2274C8E911FF841B00E5C351 /* AdHoc */,
			);
			defaultConfigurationIsVisible = 0;
			defaultConfigurationName = Release;
		};
		1DEB91B108733DA50010E9CD /* Build configuration list for PBXProject "ECTwitter" */ = {
			isa = XCConfigurationList;
			buildConfigurations = (
				1DEB91B208733DA50010E9CD /* Debug */,
				1DEB91B308733DA50010E9CD /* Release */,
				2274C8E811FF841B00E5C351 /* AdHoc */,
			);
			defaultConfigurationIsVisible = 0;
			defaultConfigurationName = Release;
		};
		225EC67611EBAA4800A97AEA /* Build configuration list for PBXNativeTarget "ECTwitter SenTest" */ = {
			isa = XCConfigurationList;
			buildConfigurations = (
				225EC67411EBAA4800A97AEA /* Debug */,
				225EC67511EBAA4800A97AEA /* Release */,
				2274C8EB11FF841B00E5C351 /* AdHoc */,
			);
			defaultConfigurationIsVisible = 0;
			defaultConfigurationName = Release;
		};
		227333B211EBBA0800695FB4 /* Build configuration list for PBXNativeTarget "ECTwitter GHUnit" */ = {
			isa = XCConfigurationList;
			buildConfigurations = (
				227333B011EBBA0800695FB4 /* Debug */,
				227333B111EBBA0800695FB4 /* Release */,
				2274C8EC11FF841B00E5C351 /* AdHoc */,
			);
			defaultConfigurationIsVisible = 0;
			defaultConfigurationName = Release;
		};
		22FBFE7B11DD0E0000578A66 /* Build configuration list for PBXNativeTarget "ECTwitter iOS" */ = {
			isa = XCConfigurationList;
			buildConfigurations = (
				22FBFE6811DD0D9400578A66 /* Debug */,
				22FBFE6911DD0D9400578A66 /* Release */,
				2274C8EA11FF841B00E5C351 /* AdHoc */,
			);
			defaultConfigurationIsVisible = 0;
			defaultConfigurationName = Release;
		};
		22FDC6DA1206161700011C6F /* Build configuration list for PBXAggregateTarget "Everything" */ = {
			isa = XCConfigurationList;
			buildConfigurations = (
				22FDC6C3120615FA00011C6F /* Debug */,
				22FDC6C4120615FA00011C6F /* Release */,
				22FDC6C5120615FA00011C6F /* AdHoc */,
			);
			defaultConfigurationIsVisible = 0;
			defaultConfigurationName = Release;
		};
/* End XCConfigurationList section */
	};
	rootObject = 0867D690FE84028FC02AAC07 /* Project object */;
}
